// !$*UTF8*$!
{
	archiveVersion = 1;
	classes = {
	};
	objectVersion = 55;
	objects = {

/* Begin PBXBuildFile section */
		8078968327AC8D3300179CA2 /* ViewfinderApp.swift in Sources */ = {isa = PBXBuildFile; fileRef = 8078968227AC8D3300179CA2 /* ViewfinderApp.swift */; };
		8078968527AC8D3300179CA2 /* ContentView.swift in Sources */ = {isa = PBXBuildFile; fileRef = 8078968427AC8D3300179CA2 /* ContentView.swift */; };
		8078968727AC8D3400179CA2 /* Assets.xcassets in Resources */ = {isa = PBXBuildFile; fileRef = 8078968627AC8D3400179CA2 /* Assets.xcassets */; };
		8097A4DE27AF78750003BB23 /* StyledSlider.swift in Sources */ = {isa = PBXBuildFile; fileRef = 8097A4DD27AF78750003BB23 /* StyledSlider.swift */; };
		80C4481B27AF1A9E0059150C /* AppDelegate.swift in Sources */ = {isa = PBXBuildFile; fileRef = 80C4481A27AF1A9D0059150C /* AppDelegate.swift */; };
		80C4481F27AF28B40059150C /* PreviewView.swift in Sources */ = {isa = PBXBuildFile; fileRef = 80C4481E27AF28B40059150C /* PreviewView.swift */; };
		80C4482127AF298B0059150C /* PreviewContainer.swift in Sources */ = {isa = PBXBuildFile; fileRef = 80C4482027AF298B0059150C /* PreviewContainer.swift */; };
		80C4482427AF2A6C0059150C /* PreviewPanel.swift in Sources */ = {isa = PBXBuildFile; fileRef = 80C4482327AF2A6C0059150C /* PreviewPanel.swift */; };
		80C4482727AF2A9F0059150C /* PreviewPanelViewModel.swift in Sources */ = {isa = PBXBuildFile; fileRef = 80C4482627AF2A9F0059150C /* PreviewPanelViewModel.swift */; };
		80C4482927AF32650059150C /* Panel.swift in Sources */ = {isa = PBXBuildFile; fileRef = 80C4482827AF32650059150C /* Panel.swift */; };
		80C4482C27AF5A6E0059150C /* View+ReverseMask.swift in Sources */ = {isa = PBXBuildFile; fileRef = 80C4482B27AF5A6E0059150C /* View+ReverseMask.swift */; };
/* End PBXBuildFile section */

/* Begin PBXFileReference section */
		8078967F27AC8D3300179CA2 /* Viewfinder.app */ = {isa = PBXFileReference; explicitFileType = wrapper.application; includeInIndex = 0; path = Viewfinder.app; sourceTree = BUILT_PRODUCTS_DIR; };
		8078968227AC8D3300179CA2 /* ViewfinderApp.swift */ = {isa = PBXFileReference; lastKnownFileType = sourcecode.swift; path = ViewfinderApp.swift; sourceTree = "<group>"; };
		8078968427AC8D3300179CA2 /* ContentView.swift */ = {isa = PBXFileReference; lastKnownFileType = sourcecode.swift; path = ContentView.swift; sourceTree = "<group>"; };
		8078968627AC8D3400179CA2 /* Assets.xcassets */ = {isa = PBXFileReference; lastKnownFileType = folder.assetcatalog; path = Assets.xcassets; sourceTree = "<group>"; };
		8078968B27AC8D3400179CA2 /* Viewfinder.entitlements */ = {isa = PBXFileReference; lastKnownFileType = text.plist.entitlements; path = Viewfinder.entitlements; sourceTree = "<group>"; };
		8097A4DD27AF78750003BB23 /* StyledSlider.swift */ = {isa = PBXFileReference; lastKnownFileType = sourcecode.swift; path = StyledSlider.swift; sourceTree = "<group>"; };
		80C4481927AF1A5C0059150C /* Info.plist */ = {isa = PBXFileReference; lastKnownFileType = text.plist; path = Info.plist; sourceTree = "<group>"; };
		80C4481A27AF1A9D0059150C /* AppDelegate.swift */ = {isa = PBXFileReference; lastKnownFileType = sourcecode.swift; name = AppDelegate.swift; path = ../../viewfinder/Viewfinder/AppDelegate.swift; sourceTree = "<group>"; };
		80C4481E27AF28B40059150C /* PreviewView.swift */ = {isa = PBXFileReference; lastKnownFileType = sourcecode.swift; name = PreviewView.swift; path = ../../../../viewfinder/Viewfinder/Views/Preview/PreviewView.swift; sourceTree = "<group>"; };
		80C4482027AF298B0059150C /* PreviewContainer.swift */ = {isa = PBXFileReference; lastKnownFileType = sourcecode.swift; name = PreviewContainer.swift; path = ../../../../viewfinder/Viewfinder/Views/Preview/PreviewContainer.swift; sourceTree = "<group>"; };
		80C4482327AF2A6C0059150C /* PreviewPanel.swift */ = {isa = PBXFileReference; lastKnownFileType = sourcecode.swift; path = PreviewPanel.swift; sourceTree = "<group>"; };
		80C4482627AF2A9F0059150C /* PreviewPanelViewModel.swift */ = {isa = PBXFileReference; lastKnownFileType = sourcecode.swift; name = PreviewPanelViewModel.swift; path = ../../../../viewfinder/Viewfinder/Panels/PreviewPanel/PreviewPanelViewModel.swift; sourceTree = "<group>"; };
		80C4482827AF32650059150C /* Panel.swift */ = {isa = PBXFileReference; lastKnownFileType = sourcecode.swift; name = Panel.swift; path = ../../../viewfinder/Viewfinder/Views/Panel.swift; sourceTree = "<group>"; };
		80C4482B27AF5A6E0059150C /* View+ReverseMask.swift */ = {isa = PBXFileReference; lastKnownFileType = sourcecode.swift; name = "View+ReverseMask.swift"; path = "../../../viewfinder/Viewfinder/Extensions/View+ReverseMask.swift"; sourceTree = "<group>"; };
/* End PBXFileReference section */

/* Begin PBXFrameworksBuildPhase section */
		8078967C27AC8D3300179CA2 /* Frameworks */ = {
			isa = PBXFrameworksBuildPhase;
			buildActionMask = 2147483647;
			files = (
			);
			runOnlyForDeploymentPostprocessing = 0;
		};
/* End PBXFrameworksBuildPhase section */

/* Begin PBXGroup section */
		8078967627AC8D3300179CA2 = {
			isa = PBXGroup;
			children = (
				8078968127AC8D3300179CA2 /* Viewfinder */,
				8078968027AC8D3300179CA2 /* Products */,
			);
			sourceTree = "<group>";
		};
		8078968027AC8D3300179CA2 /* Products */ = {
			isa = PBXGroup;
			children = (
				8078967F27AC8D3300179CA2 /* Viewfinder.app */,
			);
			name = Products;
			sourceTree = "<group>";
		};
		8078968127AC8D3300179CA2 /* Viewfinder */ = {
			isa = PBXGroup;
			children = (
				80C4481C27AF28990059150C /* Views */,
				80C4482A27AF5A660059150C /* Extensions */,
				80C4482227AF2A640059150C /* Panels */,
				8078968227AC8D3300179CA2 /* ViewfinderApp.swift */,
				8078968427AC8D3300179CA2 /* ContentView.swift */,
				8078968627AC8D3400179CA2 /* Assets.xcassets */,
				80C4481927AF1A5C0059150C /* Info.plist */,
				8078968B27AC8D3400179CA2 /* Viewfinder.entitlements */,
				80C4481A27AF1A9D0059150C /* AppDelegate.swift */,
			);
			path = Viewfinder;
			sourceTree = "<group>";
		};
		80C4481C27AF28990059150C /* Views */ = {
			isa = PBXGroup;
			children = (
				80C4481D27AF28A30059150C /* Preview */,
				80C4482827AF32650059150C /* Panel.swift */,
				8097A4DD27AF78750003BB23 /* StyledSlider.swift */,
			);
			path = Views;
			sourceTree = "<group>";
		};
		80C4481D27AF28A30059150C /* Preview */ = {
			isa = PBXGroup;
			children = (
				80C4481E27AF28B40059150C /* PreviewView.swift */,
				80C4482027AF298B0059150C /* PreviewContainer.swift */,
			);
			path = Preview;
			sourceTree = "<group>";
		};
		80C4482227AF2A640059150C /* Panels */ = {
			isa = PBXGroup;
			children = (
				80C4482527AF2A930059150C /* PreviewPanel */,
			);
			path = Panels;
			sourceTree = "<group>";
		};
		80C4482527AF2A930059150C /* PreviewPanel */ = {
			isa = PBXGroup;
			children = (
				80C4482327AF2A6C0059150C /* PreviewPanel.swift */,
				80C4482627AF2A9F0059150C /* PreviewPanelViewModel.swift */,
			);
			path = PreviewPanel;
			sourceTree = "<group>";
		};
		80C4482A27AF5A660059150C /* Extensions */ = {
			isa = PBXGroup;
			children = (
				80C4482B27AF5A6E0059150C /* View+ReverseMask.swift */,
			);
			path = Extensions;
			sourceTree = "<group>";
		};
/* End PBXGroup section */

/* Begin PBXNativeTarget section */
		8078967E27AC8D3300179CA2 /* Viewfinder */ = {
			isa = PBXNativeTarget;
			buildConfigurationList = 8078968E27AC8D3400179CA2 /* Build configuration list for PBXNativeTarget "Viewfinder" */;
			buildPhases = (
				8078967B27AC8D3300179CA2 /* Sources */,
				8078967C27AC8D3300179CA2 /* Frameworks */,
				8078967D27AC8D3300179CA2 /* Resources */,
			);
			buildRules = (
			);
			dependencies = (
			);
			name = Viewfinder;
			productName = Viewfinder;
			productReference = 8078967F27AC8D3300179CA2 /* Viewfinder.app */;
			productType = "com.apple.product-type.application";
		};
/* End PBXNativeTarget section */

/* Begin PBXProject section */
		8078967727AC8D3300179CA2 /* Project object */ = {
			isa = PBXProject;
			attributes = {
				BuildIndependentTargetsInParallel = 1;
				LastSwiftUpdateCheck = 1320;
				LastUpgradeCheck = 1320;
				TargetAttributes = {
					8078967E27AC8D3300179CA2 = {
						CreatedOnToolsVersion = 13.2.1;
					};
				};
			};
			buildConfigurationList = 8078967A27AC8D3300179CA2 /* Build configuration list for PBXProject "Viewfinder" */;
			compatibilityVersion = "Xcode 13.0";
			developmentRegion = en;
			hasScannedForEncodings = 0;
			knownRegions = (
				en,
				Base,
			);
			mainGroup = 8078967627AC8D3300179CA2;
			productRefGroup = 8078968027AC8D3300179CA2 /* Products */;
			projectDirPath = "";
			projectRoot = "";
			targets = (
				8078967E27AC8D3300179CA2 /* Viewfinder */,
			);
		};
/* End PBXProject section */

/* Begin PBXResourcesBuildPhase section */
		8078967D27AC8D3300179CA2 /* Resources */ = {
			isa = PBXResourcesBuildPhase;
			buildActionMask = 2147483647;
			files = (
				8078968727AC8D3400179CA2 /* Assets.xcassets in Resources */,
			);
			runOnlyForDeploymentPostprocessing = 0;
		};
/* End PBXResourcesBuildPhase section */

/* Begin PBXSourcesBuildPhase section */
		8078967B27AC8D3300179CA2 /* Sources */ = {
			isa = PBXSourcesBuildPhase;
			buildActionMask = 2147483647;
			files = (
				80C4481B27AF1A9E0059150C /* AppDelegate.swift in Sources */,
				80C4482427AF2A6C0059150C /* PreviewPanel.swift in Sources */,
				80C4481F27AF28B40059150C /* PreviewView.swift in Sources */,
				80C4482727AF2A9F0059150C /* PreviewPanelViewModel.swift in Sources */,
				8078968527AC8D3300179CA2 /* ContentView.swift in Sources */,
				8078968327AC8D3300179CA2 /* ViewfinderApp.swift in Sources */,
				80C4482927AF32650059150C /* Panel.swift in Sources */,
				80C4482127AF298B0059150C /* PreviewContainer.swift in Sources */,
				80C4482C27AF5A6E0059150C /* View+ReverseMask.swift in Sources */,
				8097A4DE27AF78750003BB23 /* StyledSlider.swift in Sources */,
			);
			runOnlyForDeploymentPostprocessing = 0;
		};
/* End PBXSourcesBuildPhase section */

/* Begin XCBuildConfiguration section */
		8078968C27AC8D3400179CA2 /* Debug */ = {
			isa = XCBuildConfiguration;
			buildSettings = {
				ALWAYS_SEARCH_USER_PATHS = NO;
				CLANG_ANALYZER_NONNULL = YES;
				CLANG_ANALYZER_NUMBER_OBJECT_CONVERSION = YES_AGGRESSIVE;
				CLANG_CXX_LANGUAGE_STANDARD = "gnu++17";
				CLANG_CXX_LIBRARY = "libc++";
				CLANG_ENABLE_MODULES = YES;
				CLANG_ENABLE_OBJC_ARC = YES;
				CLANG_ENABLE_OBJC_WEAK = YES;
				CLANG_WARN_BLOCK_CAPTURE_AUTORELEASING = YES;
				CLANG_WARN_BOOL_CONVERSION = YES;
				CLANG_WARN_COMMA = YES;
				CLANG_WARN_CONSTANT_CONVERSION = YES;
				CLANG_WARN_DEPRECATED_OBJC_IMPLEMENTATIONS = YES;
				CLANG_WARN_DIRECT_OBJC_ISA_USAGE = YES_ERROR;
				CLANG_WARN_DOCUMENTATION_COMMENTS = YES;
				CLANG_WARN_EMPTY_BODY = YES;
				CLANG_WARN_ENUM_CONVERSION = YES;
				CLANG_WARN_INFINITE_RECURSION = YES;
				CLANG_WARN_INT_CONVERSION = YES;
				CLANG_WARN_NON_LITERAL_NULL_CONVERSION = YES;
				CLANG_WARN_OBJC_IMPLICIT_RETAIN_SELF = YES;
				CLANG_WARN_OBJC_LITERAL_CONVERSION = YES;
				CLANG_WARN_OBJC_ROOT_CLASS = YES_ERROR;
				CLANG_WARN_QUOTED_INCLUDE_IN_FRAMEWORK_HEADER = YES;
				CLANG_WARN_RANGE_LOOP_ANALYSIS = YES;
				CLANG_WARN_STRICT_PROTOTYPES = YES;
				CLANG_WARN_SUSPICIOUS_MOVE = YES;
				CLANG_WARN_UNGUARDED_AVAILABILITY = YES_AGGRESSIVE;
				CLANG_WARN_UNREACHABLE_CODE = YES;
				CLANG_WARN__DUPLICATE_METHOD_MATCH = YES;
				COPY_PHASE_STRIP = NO;
				DEBUG_INFORMATION_FORMAT = dwarf;
				ENABLE_STRICT_OBJC_MSGSEND = YES;
				ENABLE_TESTABILITY = YES;
				GCC_C_LANGUAGE_STANDARD = gnu11;
				GCC_DYNAMIC_NO_PIC = NO;
				GCC_NO_COMMON_BLOCKS = YES;
				GCC_OPTIMIZATION_LEVEL = 0;
				GCC_PREPROCESSOR_DEFINITIONS = (
					"DEBUG=1",
					"$(inherited)",
				);
				GCC_WARN_64_TO_32_BIT_CONVERSION = YES;
				GCC_WARN_ABOUT_RETURN_TYPE = YES_ERROR;
				GCC_WARN_UNDECLARED_SELECTOR = YES;
				GCC_WARN_UNINITIALIZED_AUTOS = YES_AGGRESSIVE;
				GCC_WARN_UNUSED_FUNCTION = YES;
				GCC_WARN_UNUSED_VARIABLE = YES;
				MACOSX_DEPLOYMENT_TARGET = 12.1;
				MTL_ENABLE_DEBUG_INFO = INCLUDE_SOURCE;
				MTL_FAST_MATH = YES;
				ONLY_ACTIVE_ARCH = YES;
				SDKROOT = macosx;
				SWIFT_ACTIVE_COMPILATION_CONDITIONS = DEBUG;
				SWIFT_OPTIMIZATION_LEVEL = "-Onone";
			};
			name = Debug;
		};
		8078968D27AC8D3400179CA2 /* Release */ = {
			isa = XCBuildConfiguration;
			buildSettings = {
				ALWAYS_SEARCH_USER_PATHS = NO;
				CLANG_ANALYZER_NONNULL = YES;
				CLANG_ANALYZER_NUMBER_OBJECT_CONVERSION = YES_AGGRESSIVE;
				CLANG_CXX_LANGUAGE_STANDARD = "gnu++17";
				CLANG_CXX_LIBRARY = "libc++";
				CLANG_ENABLE_MODULES = YES;
				CLANG_ENABLE_OBJC_ARC = YES;
				CLANG_ENABLE_OBJC_WEAK = YES;
				CLANG_WARN_BLOCK_CAPTURE_AUTORELEASING = YES;
				CLANG_WARN_BOOL_CONVERSION = YES;
				CLANG_WARN_COMMA = YES;
				CLANG_WARN_CONSTANT_CONVERSION = YES;
				CLANG_WARN_DEPRECATED_OBJC_IMPLEMENTATIONS = YES;
				CLANG_WARN_DIRECT_OBJC_ISA_USAGE = YES_ERROR;
				CLANG_WARN_DOCUMENTATION_COMMENTS = YES;
				CLANG_WARN_EMPTY_BODY = YES;
				CLANG_WARN_ENUM_CONVERSION = YES;
				CLANG_WARN_INFINITE_RECURSION = YES;
				CLANG_WARN_INT_CONVERSION = YES;
				CLANG_WARN_NON_LITERAL_NULL_CONVERSION = YES;
				CLANG_WARN_OBJC_IMPLICIT_RETAIN_SELF = YES;
				CLANG_WARN_OBJC_LITERAL_CONVERSION = YES;
				CLANG_WARN_OBJC_ROOT_CLASS = YES_ERROR;
				CLANG_WARN_QUOTED_INCLUDE_IN_FRAMEWORK_HEADER = YES;
				CLANG_WARN_RANGE_LOOP_ANALYSIS = YES;
				CLANG_WARN_STRICT_PROTOTYPES = YES;
				CLANG_WARN_SUSPICIOUS_MOVE = YES;
				CLANG_WARN_UNGUARDED_AVAILABILITY = YES_AGGRESSIVE;
				CLANG_WARN_UNREACHABLE_CODE = YES;
				CLANG_WARN__DUPLICATE_METHOD_MATCH = YES;
				COPY_PHASE_STRIP = NO;
				DEBUG_INFORMATION_FORMAT = "dwarf-with-dsym";
				ENABLE_NS_ASSERTIONS = NO;
				ENABLE_STRICT_OBJC_MSGSEND = YES;
				GCC_C_LANGUAGE_STANDARD = gnu11;
				GCC_NO_COMMON_BLOCKS = YES;
				GCC_WARN_64_TO_32_BIT_CONVERSION = YES;
				GCC_WARN_ABOUT_RETURN_TYPE = YES_ERROR;
				GCC_WARN_UNDECLARED_SELECTOR = YES;
				GCC_WARN_UNINITIALIZED_AUTOS = YES_AGGRESSIVE;
				GCC_WARN_UNUSED_FUNCTION = YES;
				GCC_WARN_UNUSED_VARIABLE = YES;
				MACOSX_DEPLOYMENT_TARGET = 12.1;
				MTL_ENABLE_DEBUG_INFO = NO;
				MTL_FAST_MATH = YES;
				SDKROOT = macosx;
				SWIFT_COMPILATION_MODE = wholemodule;
				SWIFT_OPTIMIZATION_LEVEL = "-O";
			};
			name = Release;
		};
		8078968F27AC8D3400179CA2 /* Debug */ = {
			isa = XCBuildConfiguration;
			buildSettings = {
				ASSETCATALOG_COMPILER_APPICON_NAME = AppIcon;
				ASSETCATALOG_COMPILER_GLOBAL_ACCENT_COLOR_NAME = AccentColor;
				CODE_SIGN_ENTITLEMENTS = Viewfinder/Viewfinder.entitlements;
				CODE_SIGN_STYLE = Automatic;
				COMBINE_HIDPI_IMAGES = YES;
				CURRENT_PROJECT_VERSION = 1;
				DEVELOPMENT_ASSET_PATHS = "";
				DEVELOPMENT_TEAM = 8P8574Z65P;
				ENABLE_HARDENED_RUNTIME = YES;
				ENABLE_PREVIEWS = YES;
				GENERATE_INFOPLIST_FILE = YES;
				INFOPLIST_FILE = Viewfinder/Info.plist;
				INFOPLIST_KEY_NSCameraUsageDescription = "Viewfinder needs access to your camera so that you can control its settings.";
				INFOPLIST_KEY_NSHumanReadableCopyright = "";
				LD_RUNPATH_SEARCH_PATHS = (
					"$(inherited)",
					"@executable_path/../Frameworks",
				);
				MARKETING_VERSION = 1.0;
				PRODUCT_BUNDLE_IDENTIFIER = com.romsicki.Viewfinder;
				PRODUCT_NAME = "$(TARGET_NAME)";
				SWIFT_EMIT_LOC_STRINGS = YES;
				SWIFT_VERSION = 5.0;
			};
			name = Debug;
		};
		8078969027AC8D3400179CA2 /* Release */ = {
			isa = XCBuildConfiguration;
			buildSettings = {
				ASSETCATALOG_COMPILER_APPICON_NAME = AppIcon;
				ASSETCATALOG_COMPILER_GLOBAL_ACCENT_COLOR_NAME = AccentColor;
				CODE_SIGN_ENTITLEMENTS = Viewfinder/Viewfinder.entitlements;
				CODE_SIGN_STYLE = Automatic;
				COMBINE_HIDPI_IMAGES = YES;
				CURRENT_PROJECT_VERSION = 1;
				DEVELOPMENT_ASSET_PATHS = "";
				DEVELOPMENT_TEAM = 8P8574Z65P;
				ENABLE_HARDENED_RUNTIME = YES;
				ENABLE_PREVIEWS = YES;
				GENERATE_INFOPLIST_FILE = YES;
				INFOPLIST_FILE = Viewfinder/Info.plist;
				INFOPLIST_KEY_NSCameraUsageDescription = "Viewfinder needs access to your camera so that you can control its settings.";
				INFOPLIST_KEY_NSHumanReadableCopyright = "";
				LD_RUNPATH_SEARCH_PATHS = (
					"$(inherited)",
					"@executable_path/../Frameworks",
				);
				MARKETING_VERSION = 1.0;
				PRODUCT_BUNDLE_IDENTIFIER = com.romsicki.Viewfinder;
				PRODUCT_NAME = "$(TARGET_NAME)";
				SWIFT_EMIT_LOC_STRINGS = YES;
				SWIFT_VERSION = 5.0;
			};
			name = Release;
		};
/* End XCBuildConfiguration section */

/* Begin XCConfigurationList section */
		8078967A27AC8D3300179CA2 /* Build configuration list for PBXProject "Viewfinder" */ = {
			isa = XCConfigurationList;
			buildConfigurations = (
				8078968C27AC8D3400179CA2 /* Debug */,
				8078968D27AC8D3400179CA2 /* Release */,
			);
			defaultConfigurationIsVisible = 0;
			defaultConfigurationName = Release;
		};
		8078968E27AC8D3400179CA2 /* Build configuration list for PBXNativeTarget "Viewfinder" */ = {
			isa = XCConfigurationList;
			buildConfigurations = (
				8078968F27AC8D3400179CA2 /* Debug */,
				8078969027AC8D3400179CA2 /* Release */,
			);
			defaultConfigurationIsVisible = 0;
			defaultConfigurationName = Release;
		};
/* End XCConfigurationList section */
	};
	rootObject = 8078967727AC8D3300179CA2 /* Project object */;
}
