// !$*UTF8*$!
{
	archiveVersion = 1;
	classes = {
	};
	objectVersion = 55;
	objects = {

/* Begin PBXBuildFile section */
		8010494427DE5E3600688A86 /* StatusBarApplication.swift in Sources */ = {isa = PBXBuildFile; fileRef = 8010494327DE5E3600688A86 /* StatusBarApplication.swift */; };
		8010494627DE5E4900688A86 /* StatusBarApplicationDelegate.swift in Sources */ = {isa = PBXBuildFile; fileRef = 8010494527DE5E4900688A86 /* StatusBarApplicationDelegate.swift */; };
		8010494827DE62F400688A86 /* MainStatusBarMenu.swift in Sources */ = {isa = PBXBuildFile; fileRef = 8010494727DE62F400688A86 /* MainStatusBarMenu.swift */; };
		8010494A27DE630E00688A86 /* StatusBarMenu.swift in Sources */ = {isa = PBXBuildFile; fileRef = 8010494927DE630E00688A86 /* StatusBarMenu.swift */; };
		8010494C27DE639100688A86 /* AdvancedStatusBarMenu.swift in Sources */ = {isa = PBXBuildFile; fileRef = 8010494B27DE639100688A86 /* AdvancedStatusBarMenu.swift */; };
		8010494E27DE63FE00688A86 /* AdvancedStatusBarMenuDelegate.swift in Sources */ = {isa = PBXBuildFile; fileRef = 8010494D27DE63FE00688A86 /* AdvancedStatusBarMenuDelegate.swift */; };
		8010495127DE66D400688A86 /* KeyHostingView.swift in Sources */ = {isa = PBXBuildFile; fileRef = 8010495027DE66D400688A86 /* KeyHostingView.swift */; };
		8010495527DE680D00688A86 /* MainStatusBarMenuDelegate.swift in Sources */ = {isa = PBXBuildFile; fileRef = 8010495427DE680D00688A86 /* MainStatusBarMenuDelegate.swift */; };
		8010498A27DE917E00688A86 /* Localizable.strings in Resources */ = {isa = PBXBuildFile; fileRef = 8010498C27DE917E00688A86 /* Localizable.strings */; };
		8010499027DE926600688A86 /* InfoPlist.strings in Resources */ = {isa = PBXBuildFile; fileRef = 8010499227DE926700688A86 /* InfoPlist.strings */; };
		8010499F27DED1A000688A86 /* TrackStyle.swift in Sources */ = {isa = PBXBuildFile; fileRef = 8010499E27DED1A000688A86 /* TrackStyle.swift */; };
		8019D4552920796500FEBAE1 /* LaunchAtLoginController.swift in Sources */ = {isa = PBXBuildFile; fileRef = 8019D4542920796500FEBAE1 /* LaunchAtLoginController.swift */; };
		801FC6C228066AFB0005B930 /* PreviewPanelViewModel.swift in Sources */ = {isa = PBXBuildFile; fileRef = 801FC6C128066AFB0005B930 /* PreviewPanelViewModel.swift */; };
		801FC6C428066B1C0005B930 /* FlipButton.swift in Sources */ = {isa = PBXBuildFile; fileRef = 801FC6C328066B1C0005B930 /* FlipButton.swift */; };
		802D193E27B34936001A5B25 /* UVCRequest.swift in Sources */ = {isa = PBXBuildFile; fileRef = 802D193D27B34936001A5B25 /* UVCRequest.swift */; };
		802D194027B35425001A5B25 /* USBInterface.swift in Sources */ = {isa = PBXBuildFile; fileRef = 802D193F27B35425001A5B25 /* USBInterface.swift */; };
		802D194427B35FAF001A5B25 /* Constants.swift in Sources */ = {isa = PBXBuildFile; fileRef = 802D194327B35FAF001A5B25 /* Constants.swift */; };
		802D194627B3651E001A5B25 /* SignedInteger+Bytes.swift in Sources */ = {isa = PBXBuildFile; fileRef = 802D194527B3651E001A5B25 /* SignedInteger+Bytes.swift */; };
		802D194827B3656B001A5B25 /* SignedInteger+ByteArray.swift in Sources */ = {isa = PBXBuildFile; fileRef = 802D194727B3656B001A5B25 /* SignedInteger+ByteArray.swift */; };
		8044385127C5998400715373 /* CameraControl.swift in Sources */ = {isa = PBXBuildFile; fileRef = 8044385027C5998400715373 /* CameraControl.swift */; };
		8044385427C6EA4600715373 /* UVCControllable.swift in Sources */ = {isa = PBXBuildFile; fileRef = 8044385327C6EA4600715373 /* UVCControllable.swift */; };
		8044385627C6EA6F00715373 /* UVCRangeControllable.swift in Sources */ = {isa = PBXBuildFile; fileRef = 8044385527C6EA6F00715373 /* UVCRangeControllable.swift */; };
		8044385827C6EEC200715373 /* DeviceControls.swift in Sources */ = {isa = PBXBuildFile; fileRef = 8044385727C6EEC200715373 /* DeviceControls.swift */; };
		8044385A27C83E5700715373 /* AutoBadge.swift in Sources */ = {isa = PBXBuildFile; fileRef = 8044385927C83E5700715373 /* AutoBadge.swift */; };
		8044385C27C83E8600715373 /* PlainToggle.swift in Sources */ = {isa = PBXBuildFile; fileRef = 8044385B27C83E8600715373 /* PlainToggle.swift */; };
		8044385E27C8586800715373 /* SliderPanelLayout.swift in Sources */ = {isa = PBXBuildFile; fileRef = 8044385D27C8586800715373 /* SliderPanelLayout.swift */; };
		8044386027C8670600715373 /* BrightnessPanel.swift in Sources */ = {isa = PBXBuildFile; fileRef = 8044385F27C8670600715373 /* BrightnessPanel.swift */; };
		8044386227C8740A00715373 /* Int+Percentage.swift in Sources */ = {isa = PBXBuildFile; fileRef = 8044386127C8740A00715373 /* Int+Percentage.swift */; };
		8044386427C8742A00715373 /* Double+Round.swift in Sources */ = {isa = PBXBuildFile; fileRef = 8044386327C8742A00715373 /* Double+Round.swift */; };
		8044386627C8745300715373 /* ContrastPanel.swift in Sources */ = {isa = PBXBuildFile; fileRef = 8044386527C8745300715373 /* ContrastPanel.swift */; };
		8044386827C876D300715373 /* SaturationPanel.swift in Sources */ = {isa = PBXBuildFile; fileRef = 8044386727C876D300715373 /* SaturationPanel.swift */; };
		8044386A27C8776600715373 /* SharpnessPanel.swift in Sources */ = {isa = PBXBuildFile; fileRef = 8044386927C8776600715373 /* SharpnessPanel.swift */; };
		8044386C27C87BF500715373 /* FocusPanel.swift in Sources */ = {isa = PBXBuildFile; fileRef = 8044386B27C87BF500715373 /* FocusPanel.swift */; };
		8044386E27C87F5D00715373 /* DataRefreshNotifier.swift in Sources */ = {isa = PBXBuildFile; fileRef = 8044386D27C87F5D00715373 /* DataRefreshNotifier.swift */; };
		8044387427CA98B200715373 /* Double+PercentageToAbsolute.swift in Sources */ = {isa = PBXBuildFile; fileRef = 8044387327CA98B200715373 /* Double+PercentageToAbsolute.swift */; };
		8044387627CABAC300715373 /* ExposurePanel.swift in Sources */ = {isa = PBXBuildFile; fileRef = 8044387527CABAC300715373 /* ExposurePanel.swift */; };
		8044387A27CAC92D00715373 /* ZoomPanel.swift in Sources */ = {isa = PBXBuildFile; fileRef = 8044387927CAC92C00715373 /* ZoomPanel.swift */; };
		8044387C27CAE30B00715373 /* PanelLabel.swift in Sources */ = {isa = PBXBuildFile; fileRef = 8044387B27CAE30B00715373 /* PanelLabel.swift */; };
		8044387E27CAE57E00715373 /* ControlLayout.swift in Sources */ = {isa = PBXBuildFile; fileRef = 8044387D27CAE57E00715373 /* ControlLayout.swift */; };
		8044388027CB051800715373 /* HDRPanel.swift in Sources */ = {isa = PBXBuildFile; fileRef = 8044387F27CB051800715373 /* HDRPanel.swift */; };
		8044388227CB116100715373 /* BinaryInteger+Bit.swift in Sources */ = {isa = PBXBuildFile; fileRef = 8044388127CB116100715373 /* BinaryInteger+Bit.swift */; };
		8044388427CB117500715373 /* UVCCameraTerminal.swift in Sources */ = {isa = PBXBuildFile; fileRef = 8044388327CB117500715373 /* UVCCameraTerminal.swift */; };
		8044388627CB119200715373 /* UVCProcessingUnit.swift in Sources */ = {isa = PBXBuildFile; fileRef = 8044388527CB119200715373 /* UVCProcessingUnit.swift */; };
		806221A127DC28EA007125C0 /* CollapsibleSection.swift in Sources */ = {isa = PBXBuildFile; fileRef = 806221A027DC28EA007125C0 /* CollapsibleSection.swift */; };
		806221A427DC3611007125C0 /* Dimension.swift in Sources */ = {isa = PBXBuildFile; fileRef = 806221A327DC3611007125C0 /* Dimension.swift */; };
		806867B427B1EDB20000C64D /* UVCSelector.swift in Sources */ = {isa = PBXBuildFile; fileRef = 806867B327B1EDB20000C64D /* UVCSelector.swift */; };
		806867B727B1EF880000C64D /* UVCDescriptorSubtype.swift in Sources */ = {isa = PBXBuildFile; fileRef = 806867B627B1EF880000C64D /* UVCDescriptorSubtype.swift */; };
		806867B927B1F03A0000C64D /* UVCVideoInterfaceClassCode.swift in Sources */ = {isa = PBXBuildFile; fileRef = 806867B827B1F03A0000C64D /* UVCVideoInterfaceClassCode.swift */; };
		806867BB27B1F0670000C64D /* UVCVideoInterfaceSubclassCode.swift in Sources */ = {isa = PBXBuildFile; fileRef = 806867BA27B1F0670000C64D /* UVCVideoInterfaceSubclassCode.swift */; };
		806867BD27B1F0D90000C64D /* UVCVideoClassDescriptorType.swift in Sources */ = {isa = PBXBuildFile; fileRef = 806867BC27B1F0D90000C64D /* UVCVideoClassDescriptorType.swift */; };
		806867BF27B1F6160000C64D /* UnsafeMutablePointer+Iterate.swift in Sources */ = {isa = PBXBuildFile; fileRef = 806867BE27B1F6160000C64D /* UnsafeMutablePointer+Iterate.swift */; };
		8078839427B4937E003BBA1A /* UVCAutoExposureMode.swift in Sources */ = {isa = PBXBuildFile; fileRef = 8078839327B4937E003BBA1A /* UVCAutoExposureMode.swift */; };
		8078839627B4950C003BBA1A /* UVCBitmapValue.swift in Sources */ = {isa = PBXBuildFile; fileRef = 8078839527B4950C003BBA1A /* UVCBitmapValue.swift */; };
		8078968327AC8D3300179CA2 /* ViewfinderApp.swift in Sources */ = {isa = PBXBuildFile; fileRef = 8078968227AC8D3300179CA2 /* ViewfinderApp.swift */; };
		8078968527AC8D3300179CA2 /* ContentView.swift in Sources */ = {isa = PBXBuildFile; fileRef = 8078968427AC8D3300179CA2 /* ContentView.swift */; };
		8078968727AC8D3400179CA2 /* Assets.xcassets in Resources */ = {isa = PBXBuildFile; fileRef = 8078968627AC8D3400179CA2 /* Assets.xcassets */; };
		808706FA27D99F20006213BA /* PreviewState.swift in Sources */ = {isa = PBXBuildFile; fileRef = 808706F927D99F20006213BA /* PreviewState.swift */; };
		808706FC27D99F38006213BA /* PreviewStateEmptyState.swift in Sources */ = {isa = PBXBuildFile; fileRef = 808706FB27D99F38006213BA /* PreviewStateEmptyState.swift */; };
		809127A927B5DE8C00C38C0A /* DeviceManager.swift in Sources */ = {isa = PBXBuildFile; fileRef = 809127A827B5DE8C00C38C0A /* DeviceManager.swift */; };
		809127AB27B5E37200C38C0A /* Device.swift in Sources */ = {isa = PBXBuildFile; fileRef = 809127AA27B5E37200C38C0A /* Device.swift */; };
		8097A4DE27AF78750003BB23 /* MenuSlider.swift in Sources */ = {isa = PBXBuildFile; fileRef = 8097A4DD27AF78750003BB23 /* MenuSlider.swift */; };
		80C21FD027CB2BF300071134 /* Sparkle in Frameworks */ = {isa = PBXBuildFile; productRef = 80C21FCF27CB2BF300071134 /* Sparkle */; };
		80C4481B27AF1A9E0059150C /* AppDelegate.swift in Sources */ = {isa = PBXBuildFile; fileRef = 80C4481A27AF1A9D0059150C /* AppDelegate.swift */; };
		80C4481F27AF28B40059150C /* PreviewView.swift in Sources */ = {isa = PBXBuildFile; fileRef = 80C4481E27AF28B40059150C /* PreviewView.swift */; };
		80C4482127AF298B0059150C /* PreviewContainer.swift in Sources */ = {isa = PBXBuildFile; fileRef = 80C4482027AF298B0059150C /* PreviewContainer.swift */; };
		80C4482427AF2A6C0059150C /* PreviewPanel.swift in Sources */ = {isa = PBXBuildFile; fileRef = 80C4482327AF2A6C0059150C /* PreviewPanel.swift */; };
		80C4482927AF32650059150C /* Panel.swift in Sources */ = {isa = PBXBuildFile; fileRef = 80C4482827AF32650059150C /* Panel.swift */; };
		80C4482C27AF5A6E0059150C /* View+ReverseMask.swift in Sources */ = {isa = PBXBuildFile; fileRef = 80C4482B27AF5A6E0059150C /* View+ReverseMask.swift */; };
		80CF9BE527BB1EDA001C0E0A /* Notifications.swift in Sources */ = {isa = PBXBuildFile; fileRef = 80CF9BE427BB1EDA001C0E0A /* Notifications.swift */; };
		80CF9BE727BB27B4001C0E0A /* MenuSliderControls.swift in Sources */ = {isa = PBXBuildFile; fileRef = 80CF9BE627BB27B4001C0E0A /* MenuSliderControls.swift */; };
		80CF9BE927BDCC9E001C0E0A /* WhiteBalancePanel.swift in Sources */ = {isa = PBXBuildFile; fileRef = 80CF9BE827BDCC9E001C0E0A /* WhiteBalancePanel.swift */; };
		80CF9BEB27BF29BB001C0E0A /* DeviceControl.swift in Sources */ = {isa = PBXBuildFile; fileRef = 80CF9BEA27BF29BB001C0E0A /* DeviceControl.swift */; };
		80D0679B27B082A60007BCF8 /* UVCKit.h in Headers */ = {isa = PBXBuildFile; fileRef = 80D0679A27B082A60007BCF8 /* UVCKit.h */; settings = {ATTRIBUTES = (Public, ); }; };
		80D0679E27B082A60007BCF8 /* UVCKit.framework in Frameworks */ = {isa = PBXBuildFile; fileRef = 80D0679827B082A60007BCF8 /* UVCKit.framework */; };
		80D0679F27B082A60007BCF8 /* UVCKit.framework in Embed Frameworks */ = {isa = PBXBuildFile; fileRef = 80D0679827B082A60007BCF8 /* UVCKit.framework */; settings = {ATTRIBUTES = (CodeSignOnCopy, RemoveHeadersOnCopy, ); }; };
		80D067A327B082D80007BCF8 /* UVCDeviceControls.swift in Sources */ = {isa = PBXBuildFile; fileRef = 80D066DC27B07C830007BCF8 /* UVCDeviceControls.swift */; };
		80D067A427B082D80007BCF8 /* UVCDevice.swift in Sources */ = {isa = PBXBuildFile; fileRef = 80D066E327B07C830007BCF8 /* UVCDevice.swift */; };
		80D067A527B082D80007BCF8 /* io_service_t+IoCreatePublicInterface.swift in Sources */ = {isa = PBXBuildFile; fileRef = 80D066EA27B07C830007BCF8 /* io_service_t+IoCreatePublicInterface.swift */; };
		80D067A727B082D80007BCF8 /* UnsafeMutablePointer+GetInterface.swift in Sources */ = {isa = PBXBuildFile; fileRef = 80D066ED27B07C830007BCF8 /* UnsafeMutablePointer+GetInterface.swift */; };
		80D067A827B082D80007BCF8 /* IOUSBConfigurationDescriptorPtr+Descriptor.swift in Sources */ = {isa = PBXBuildFile; fileRef = 80D066EB27B07C830007BCF8 /* IOUSBConfigurationDescriptorPtr+Descriptor.swift */; };
		80D067AD27B082D80007BCF8 /* USBHeaders.h in Headers */ = {isa = PBXBuildFile; fileRef = 80D066E527B07C830007BCF8 /* USBHeaders.h */; settings = {ATTRIBUTES = (Public, ); }; };
		80D067AF27B082D80007BCF8 /* UVCBoolControl.swift in Sources */ = {isa = PBXBuildFile; fileRef = 80D066DE27B07C830007BCF8 /* UVCBoolControl.swift */; };
		80D067B027B082D80007BCF8 /* UVCIntControl.swift in Sources */ = {isa = PBXBuildFile; fileRef = 80D066E227B07C830007BCF8 /* UVCIntControl.swift */; };
		80D067B127B082D80007BCF8 /* UVCBitmapControl.swift in Sources */ = {isa = PBXBuildFile; fileRef = 80D066E027B07C830007BCF8 /* UVCBitmapControl.swift */; };
		80D067B327B082D80007BCF8 /* UVCCameraTerminalSelector.swift in Sources */ = {isa = PBXBuildFile; fileRef = 80D066F027B07C830007BCF8 /* UVCCameraTerminalSelector.swift */; };
		80D067B627B082D80007BCF8 /* UVCProcessingUnitSelector.swift in Sources */ = {isa = PBXBuildFile; fileRef = 80D066F227B07C830007BCF8 /* UVCProcessingUnitSelector.swift */; };
		80D067BA27B082D80007BCF8 /* UVCVideoControlInterfaceDescriptors.swift in Sources */ = {isa = PBXBuildFile; fileRef = 80D066E427B07C830007BCF8 /* UVCVideoControlInterfaceDescriptors.swift */; };
		80D067BE27B082D80007BCF8 /* UVCControl.swift in Sources */ = {isa = PBXBuildFile; fileRef = 80D066DF27B07C830007BCF8 /* UVCControl.swift */; };
		80D067C327B082D80007BCF8 /* UVCRequestCode.swift in Sources */ = {isa = PBXBuildFile; fileRef = 80D066EF27B07C830007BCF8 /* UVCRequestCode.swift */; };
		80D067C827B0A8B30007BCF8 /* UVCDeviceInformation.swift in Sources */ = {isa = PBXBuildFile; fileRef = 80D067C727B0A8B30007BCF8 /* UVCDeviceInformation.swift */; };
		80D9369227D31A4C00232BAD /* ToggleableRow.swift in Sources */ = {isa = PBXBuildFile; fileRef = 80D9369127D31A4C00232BAD /* ToggleableRow.swift */; };
		80D9369427D3D05C00232BAD /* View+OnBackgroundHover.swift in Sources */ = {isa = PBXBuildFile; fileRef = 80D9369327D3D05C00232BAD /* View+OnBackgroundHover.swift */; };
		80D9369827D3DB6200232BAD /* CameraPicker.swift in Sources */ = {isa = PBXBuildFile; fileRef = 80D9369727D3DB6200232BAD /* CameraPicker.swift */; };
		80D9369A27D3F5F400232BAD /* CameraList.swift in Sources */ = {isa = PBXBuildFile; fileRef = 80D9369927D3F5F400232BAD /* CameraList.swift */; };
		80D9369C27D402A700232BAD /* MenuItemButtonStyle.swift in Sources */ = {isa = PBXBuildFile; fileRef = 80D9369B27D402A700232BAD /* MenuItemButtonStyle.swift */; };
		80D9369E27D4051900232BAD /* ToggleableRowIcon.swift in Sources */ = {isa = PBXBuildFile; fileRef = 80D9369D27D4051900232BAD /* ToggleableRowIcon.swift */; };
		80D936A127D40AD900232BAD /* SectionHeaderTextStyle.swift in Sources */ = {isa = PBXBuildFile; fileRef = 80D936A027D40AD900232BAD /* SectionHeaderTextStyle.swift */; };
		80D936A527D4468000232BAD /* UnsupportedWebcamEmptyState.swift in Sources */ = {isa = PBXBuildFile; fileRef = 80D936A427D4468000232BAD /* UnsupportedWebcamEmptyState.swift */; };
		80DC4DFE27D19B69009DBCC3 /* NoWebcamEmptyState.swift in Sources */ = {isa = PBXBuildFile; fileRef = 80DC4DFD27D19B69009DBCC3 /* NoWebcamEmptyState.swift */; };
/* End PBXBuildFile section */

/* Begin PBXContainerItemProxy section */
		80D0679C27B082A60007BCF8 /* PBXContainerItemProxy */ = {
			isa = PBXContainerItemProxy;
			containerPortal = 8078967727AC8D3300179CA2 /* Project object */;
			proxyType = 1;
			remoteGlobalIDString = 80D0679727B082A60007BCF8;
			remoteInfo = UVCKit;
		};
/* End PBXContainerItemProxy section */

/* Begin PBXCopyFilesBuildPhase section */
		80D0673327B07E100007BCF8 /* Embed Frameworks */ = {
			isa = PBXCopyFilesBuildPhase;
			buildActionMask = 2147483647;
			dstPath = "";
			dstSubfolderSpec = 10;
			files = (
				80D0679F27B082A60007BCF8 /* UVCKit.framework in Embed Frameworks */,
			);
			name = "Embed Frameworks";
			runOnlyForDeploymentPostprocessing = 0;
		};
/* End PBXCopyFilesBuildPhase section */

/* Begin PBXFileReference section */
		8010494327DE5E3600688A86 /* StatusBarApplication.swift */ = {isa = PBXFileReference; lastKnownFileType = sourcecode.swift; path = StatusBarApplication.swift; sourceTree = "<group>"; };
		8010494527DE5E4900688A86 /* StatusBarApplicationDelegate.swift */ = {isa = PBXFileReference; lastKnownFileType = sourcecode.swift; path = StatusBarApplicationDelegate.swift; sourceTree = "<group>"; };
		8010494727DE62F400688A86 /* MainStatusBarMenu.swift */ = {isa = PBXFileReference; lastKnownFileType = sourcecode.swift; path = MainStatusBarMenu.swift; sourceTree = "<group>"; };
		8010494927DE630E00688A86 /* StatusBarMenu.swift */ = {isa = PBXFileReference; lastKnownFileType = sourcecode.swift; path = StatusBarMenu.swift; sourceTree = "<group>"; };
		8010494B27DE639100688A86 /* AdvancedStatusBarMenu.swift */ = {isa = PBXFileReference; lastKnownFileType = sourcecode.swift; path = AdvancedStatusBarMenu.swift; sourceTree = "<group>"; };
		8010494D27DE63FE00688A86 /* AdvancedStatusBarMenuDelegate.swift */ = {isa = PBXFileReference; lastKnownFileType = sourcecode.swift; path = AdvancedStatusBarMenuDelegate.swift; sourceTree = "<group>"; };
		8010495027DE66D400688A86 /* KeyHostingView.swift */ = {isa = PBXFileReference; lastKnownFileType = sourcecode.swift; path = KeyHostingView.swift; sourceTree = "<group>"; };
		8010495427DE680D00688A86 /* MainStatusBarMenuDelegate.swift */ = {isa = PBXFileReference; lastKnownFileType = sourcecode.swift; path = MainStatusBarMenuDelegate.swift; sourceTree = "<group>"; };
		8010498B27DE917E00688A86 /* en */ = {isa = PBXFileReference; lastKnownFileType = text.plist.strings; name = en; path = en.lproj/Localizable.strings; sourceTree = "<group>"; };
		8010499127DE926700688A86 /* en */ = {isa = PBXFileReference; lastKnownFileType = text.plist.strings; name = en; path = en.lproj/InfoPlist.strings; sourceTree = "<group>"; };
		8010499627DE9BB900688A86 /* pl */ = {isa = PBXFileReference; lastKnownFileType = text.plist.strings; name = pl; path = pl.lproj/Localizable.strings; sourceTree = "<group>"; };
		8010499727DE9BB900688A86 /* pl */ = {isa = PBXFileReference; lastKnownFileType = text.plist.strings; name = pl; path = pl.lproj/InfoPlist.strings; sourceTree = "<group>"; };
		8010499E27DED1A000688A86 /* TrackStyle.swift */ = {isa = PBXFileReference; lastKnownFileType = sourcecode.swift; path = TrackStyle.swift; sourceTree = "<group>"; };
		8019D4542920796500FEBAE1 /* LaunchAtLoginController.swift */ = {isa = PBXFileReference; lastKnownFileType = sourcecode.swift; path = LaunchAtLoginController.swift; sourceTree = "<group>"; };
		801FC6C128066AFB0005B930 /* PreviewPanelViewModel.swift */ = {isa = PBXFileReference; lastKnownFileType = sourcecode.swift; path = PreviewPanelViewModel.swift; sourceTree = "<group>"; };
		801FC6C328066B1C0005B930 /* FlipButton.swift */ = {isa = PBXFileReference; lastKnownFileType = sourcecode.swift; path = FlipButton.swift; sourceTree = "<group>"; };
		802D193D27B34936001A5B25 /* UVCRequest.swift */ = {isa = PBXFileReference; lastKnownFileType = sourcecode.swift; path = UVCRequest.swift; sourceTree = "<group>"; };
		802D193F27B35425001A5B25 /* USBInterface.swift */ = {isa = PBXFileReference; lastKnownFileType = sourcecode.swift; path = USBInterface.swift; sourceTree = "<group>"; };
		802D194327B35FAF001A5B25 /* Constants.swift */ = {isa = PBXFileReference; lastKnownFileType = sourcecode.swift; path = Constants.swift; sourceTree = "<group>"; };
		802D194527B3651E001A5B25 /* SignedInteger+Bytes.swift */ = {isa = PBXFileReference; lastKnownFileType = sourcecode.swift; path = "SignedInteger+Bytes.swift"; sourceTree = "<group>"; };
		802D194727B3656B001A5B25 /* SignedInteger+ByteArray.swift */ = {isa = PBXFileReference; lastKnownFileType = sourcecode.swift; path = "SignedInteger+ByteArray.swift"; sourceTree = "<group>"; };
		8044385027C5998400715373 /* CameraControl.swift */ = {isa = PBXFileReference; lastKnownFileType = sourcecode.swift; path = CameraControl.swift; sourceTree = "<group>"; };
		8044385327C6EA4600715373 /* UVCControllable.swift */ = {isa = PBXFileReference; lastKnownFileType = sourcecode.swift; path = UVCControllable.swift; sourceTree = "<group>"; };
		8044385527C6EA6F00715373 /* UVCRangeControllable.swift */ = {isa = PBXFileReference; lastKnownFileType = sourcecode.swift; path = UVCRangeControllable.swift; sourceTree = "<group>"; };
		8044385727C6EEC200715373 /* DeviceControls.swift */ = {isa = PBXFileReference; lastKnownFileType = sourcecode.swift; path = DeviceControls.swift; sourceTree = "<group>"; };
		8044385927C83E5700715373 /* AutoBadge.swift */ = {isa = PBXFileReference; lastKnownFileType = sourcecode.swift; path = AutoBadge.swift; sourceTree = "<group>"; };
		8044385B27C83E8600715373 /* PlainToggle.swift */ = {isa = PBXFileReference; lastKnownFileType = sourcecode.swift; path = PlainToggle.swift; sourceTree = "<group>"; };
		8044385D27C8586800715373 /* SliderPanelLayout.swift */ = {isa = PBXFileReference; lastKnownFileType = sourcecode.swift; path = SliderPanelLayout.swift; sourceTree = "<group>"; };
		8044385F27C8670600715373 /* BrightnessPanel.swift */ = {isa = PBXFileReference; lastKnownFileType = sourcecode.swift; path = BrightnessPanel.swift; sourceTree = "<group>"; };
		8044386127C8740A00715373 /* Int+Percentage.swift */ = {isa = PBXFileReference; lastKnownFileType = sourcecode.swift; path = "Int+Percentage.swift"; sourceTree = "<group>"; };
		8044386327C8742A00715373 /* Double+Round.swift */ = {isa = PBXFileReference; lastKnownFileType = sourcecode.swift; path = "Double+Round.swift"; sourceTree = "<group>"; };
		8044386527C8745300715373 /* ContrastPanel.swift */ = {isa = PBXFileReference; lastKnownFileType = sourcecode.swift; path = ContrastPanel.swift; sourceTree = "<group>"; };
		8044386727C876D300715373 /* SaturationPanel.swift */ = {isa = PBXFileReference; lastKnownFileType = sourcecode.swift; path = SaturationPanel.swift; sourceTree = "<group>"; };
		8044386927C8776600715373 /* SharpnessPanel.swift */ = {isa = PBXFileReference; lastKnownFileType = sourcecode.swift; path = SharpnessPanel.swift; sourceTree = "<group>"; };
		8044386B27C87BF500715373 /* FocusPanel.swift */ = {isa = PBXFileReference; lastKnownFileType = sourcecode.swift; path = FocusPanel.swift; sourceTree = "<group>"; };
		8044386D27C87F5D00715373 /* DataRefreshNotifier.swift */ = {isa = PBXFileReference; lastKnownFileType = sourcecode.swift; path = DataRefreshNotifier.swift; sourceTree = "<group>"; };
		8044387327CA98B200715373 /* Double+PercentageToAbsolute.swift */ = {isa = PBXFileReference; lastKnownFileType = sourcecode.swift; path = "Double+PercentageToAbsolute.swift"; sourceTree = "<group>"; };
		8044387527CABAC300715373 /* ExposurePanel.swift */ = {isa = PBXFileReference; lastKnownFileType = sourcecode.swift; path = ExposurePanel.swift; sourceTree = "<group>"; };
		8044387927CAC92C00715373 /* ZoomPanel.swift */ = {isa = PBXFileReference; lastKnownFileType = sourcecode.swift; path = ZoomPanel.swift; sourceTree = "<group>"; };
		8044387B27CAE30B00715373 /* PanelLabel.swift */ = {isa = PBXFileReference; lastKnownFileType = sourcecode.swift; path = PanelLabel.swift; sourceTree = "<group>"; };
		8044387D27CAE57E00715373 /* ControlLayout.swift */ = {isa = PBXFileReference; lastKnownFileType = sourcecode.swift; path = ControlLayout.swift; sourceTree = "<group>"; };
		8044387F27CB051800715373 /* HDRPanel.swift */ = {isa = PBXFileReference; lastKnownFileType = sourcecode.swift; path = HDRPanel.swift; sourceTree = "<group>"; };
		8044388127CB116100715373 /* BinaryInteger+Bit.swift */ = {isa = PBXFileReference; lastKnownFileType = sourcecode.swift; path = "BinaryInteger+Bit.swift"; sourceTree = "<group>"; };
		8044388327CB117500715373 /* UVCCameraTerminal.swift */ = {isa = PBXFileReference; lastKnownFileType = sourcecode.swift; path = UVCCameraTerminal.swift; sourceTree = "<group>"; };
		8044388527CB119200715373 /* UVCProcessingUnit.swift */ = {isa = PBXFileReference; lastKnownFileType = sourcecode.swift; path = UVCProcessingUnit.swift; sourceTree = "<group>"; };
		806221A027DC28EA007125C0 /* CollapsibleSection.swift */ = {isa = PBXFileReference; lastKnownFileType = sourcecode.swift; path = CollapsibleSection.swift; sourceTree = "<group>"; };
		806221A327DC3611007125C0 /* Dimension.swift */ = {isa = PBXFileReference; lastKnownFileType = sourcecode.swift; path = Dimension.swift; sourceTree = "<group>"; };
		806867B327B1EDB20000C64D /* UVCSelector.swift */ = {isa = PBXFileReference; lastKnownFileType = sourcecode.swift; path = UVCSelector.swift; sourceTree = "<group>"; };
		806867B627B1EF880000C64D /* UVCDescriptorSubtype.swift */ = {isa = PBXFileReference; lastKnownFileType = sourcecode.swift; path = UVCDescriptorSubtype.swift; sourceTree = "<group>"; };
		806867B827B1F03A0000C64D /* UVCVideoInterfaceClassCode.swift */ = {isa = PBXFileReference; lastKnownFileType = sourcecode.swift; path = UVCVideoInterfaceClassCode.swift; sourceTree = "<group>"; };
		806867BA27B1F0670000C64D /* UVCVideoInterfaceSubclassCode.swift */ = {isa = PBXFileReference; lastKnownFileType = sourcecode.swift; path = UVCVideoInterfaceSubclassCode.swift; sourceTree = "<group>"; };
		806867BC27B1F0D90000C64D /* UVCVideoClassDescriptorType.swift */ = {isa = PBXFileReference; lastKnownFileType = sourcecode.swift; path = UVCVideoClassDescriptorType.swift; sourceTree = "<group>"; };
		806867BE27B1F6160000C64D /* UnsafeMutablePointer+Iterate.swift */ = {isa = PBXFileReference; lastKnownFileType = sourcecode.swift; path = "UnsafeMutablePointer+Iterate.swift"; sourceTree = "<group>"; };
		8078839327B4937E003BBA1A /* UVCAutoExposureMode.swift */ = {isa = PBXFileReference; lastKnownFileType = sourcecode.swift; path = UVCAutoExposureMode.swift; sourceTree = "<group>"; };
		8078839527B4950C003BBA1A /* UVCBitmapValue.swift */ = {isa = PBXFileReference; lastKnownFileType = sourcecode.swift; path = UVCBitmapValue.swift; sourceTree = "<group>"; };
		8078967F27AC8D3300179CA2 /* Viewfinder.app */ = {isa = PBXFileReference; explicitFileType = wrapper.application; includeInIndex = 0; path = Viewfinder.app; sourceTree = BUILT_PRODUCTS_DIR; };
		8078968227AC8D3300179CA2 /* ViewfinderApp.swift */ = {isa = PBXFileReference; lastKnownFileType = sourcecode.swift; path = ViewfinderApp.swift; sourceTree = "<group>"; };
		8078968427AC8D3300179CA2 /* ContentView.swift */ = {isa = PBXFileReference; lastKnownFileType = sourcecode.swift; path = ContentView.swift; sourceTree = "<group>"; };
		8078968627AC8D3400179CA2 /* Assets.xcassets */ = {isa = PBXFileReference; lastKnownFileType = folder.assetcatalog; path = Assets.xcassets; sourceTree = "<group>"; };
		8078968B27AC8D3400179CA2 /* Viewfinder.entitlements */ = {isa = PBXFileReference; lastKnownFileType = text.plist.entitlements; path = Viewfinder.entitlements; sourceTree = "<group>"; };
		808706F927D99F20006213BA /* PreviewState.swift */ = {isa = PBXFileReference; lastKnownFileType = sourcecode.swift; path = PreviewState.swift; sourceTree = "<group>"; };
		808706FB27D99F38006213BA /* PreviewStateEmptyState.swift */ = {isa = PBXFileReference; lastKnownFileType = sourcecode.swift; path = PreviewStateEmptyState.swift; sourceTree = "<group>"; };
		809127A827B5DE8C00C38C0A /* DeviceManager.swift */ = {isa = PBXFileReference; lastKnownFileType = sourcecode.swift; path = DeviceManager.swift; sourceTree = "<group>"; };
		809127AA27B5E37200C38C0A /* Device.swift */ = {isa = PBXFileReference; lastKnownFileType = sourcecode.swift; path = Device.swift; sourceTree = "<group>"; };
		8097A4DD27AF78750003BB23 /* MenuSlider.swift */ = {isa = PBXFileReference; lastKnownFileType = sourcecode.swift; path = MenuSlider.swift; sourceTree = "<group>"; };
		80C4481927AF1A5C0059150C /* Info.plist */ = {isa = PBXFileReference; lastKnownFileType = text.plist; path = Info.plist; sourceTree = "<group>"; };
		80C4481A27AF1A9D0059150C /* AppDelegate.swift */ = {isa = PBXFileReference; lastKnownFileType = sourcecode.swift; path = AppDelegate.swift; sourceTree = "<group>"; };
		80C4481E27AF28B40059150C /* PreviewView.swift */ = {isa = PBXFileReference; lastKnownFileType = sourcecode.swift; name = PreviewView.swift; path = ../../../../viewfinder/Viewfinder/Views/Preview/PreviewView.swift; sourceTree = "<group>"; };
		80C4482027AF298B0059150C /* PreviewContainer.swift */ = {isa = PBXFileReference; lastKnownFileType = sourcecode.swift; name = PreviewContainer.swift; path = ../../../../viewfinder/Viewfinder/Views/Preview/PreviewContainer.swift; sourceTree = "<group>"; };
		80C4482327AF2A6C0059150C /* PreviewPanel.swift */ = {isa = PBXFileReference; lastKnownFileType = sourcecode.swift; path = PreviewPanel.swift; sourceTree = "<group>"; };
		80C4482827AF32650059150C /* Panel.swift */ = {isa = PBXFileReference; lastKnownFileType = sourcecode.swift; path = Panel.swift; sourceTree = "<group>"; };
		80C4482B27AF5A6E0059150C /* View+ReverseMask.swift */ = {isa = PBXFileReference; lastKnownFileType = sourcecode.swift; name = "View+ReverseMask.swift"; path = "../../../viewfinder/Viewfinder/Extensions/View+ReverseMask.swift"; sourceTree = "<group>"; };
		80CF9BE427BB1EDA001C0E0A /* Notifications.swift */ = {isa = PBXFileReference; lastKnownFileType = sourcecode.swift; path = Notifications.swift; sourceTree = "<group>"; };
		80CF9BE627BB27B4001C0E0A /* MenuSliderControls.swift */ = {isa = PBXFileReference; lastKnownFileType = sourcecode.swift; path = MenuSliderControls.swift; sourceTree = "<group>"; };
		80CF9BE827BDCC9E001C0E0A /* WhiteBalancePanel.swift */ = {isa = PBXFileReference; lastKnownFileType = sourcecode.swift; path = WhiteBalancePanel.swift; sourceTree = "<group>"; };
		80CF9BEA27BF29BB001C0E0A /* DeviceControl.swift */ = {isa = PBXFileReference; lastKnownFileType = sourcecode.swift; path = DeviceControl.swift; sourceTree = "<group>"; };
		80D066DC27B07C830007BCF8 /* UVCDeviceControls.swift */ = {isa = PBXFileReference; fileEncoding = 4; lastKnownFileType = sourcecode.swift; path = UVCDeviceControls.swift; sourceTree = "<group>"; };
		80D066DE27B07C830007BCF8 /* UVCBoolControl.swift */ = {isa = PBXFileReference; fileEncoding = 4; lastKnownFileType = sourcecode.swift; path = UVCBoolControl.swift; sourceTree = "<group>"; };
		80D066DF27B07C830007BCF8 /* UVCControl.swift */ = {isa = PBXFileReference; fileEncoding = 4; lastKnownFileType = sourcecode.swift; path = UVCControl.swift; sourceTree = "<group>"; };
		80D066E027B07C830007BCF8 /* UVCBitmapControl.swift */ = {isa = PBXFileReference; fileEncoding = 4; lastKnownFileType = sourcecode.swift; path = UVCBitmapControl.swift; sourceTree = "<group>"; };
		80D066E227B07C830007BCF8 /* UVCIntControl.swift */ = {isa = PBXFileReference; fileEncoding = 4; lastKnownFileType = sourcecode.swift; path = UVCIntControl.swift; sourceTree = "<group>"; };
		80D066E327B07C830007BCF8 /* UVCDevice.swift */ = {isa = PBXFileReference; fileEncoding = 4; lastKnownFileType = sourcecode.swift; path = UVCDevice.swift; sourceTree = "<group>"; };
		80D066E427B07C830007BCF8 /* UVCVideoControlInterfaceDescriptors.swift */ = {isa = PBXFileReference; fileEncoding = 4; lastKnownFileType = sourcecode.swift; path = UVCVideoControlInterfaceDescriptors.swift; sourceTree = "<group>"; };
		80D066E527B07C830007BCF8 /* USBHeaders.h */ = {isa = PBXFileReference; fileEncoding = 4; lastKnownFileType = sourcecode.c.h; path = USBHeaders.h; sourceTree = "<group>"; };
		80D066EA27B07C830007BCF8 /* io_service_t+IoCreatePublicInterface.swift */ = {isa = PBXFileReference; fileEncoding = 4; lastKnownFileType = sourcecode.swift; path = "io_service_t+IoCreatePublicInterface.swift"; sourceTree = "<group>"; };
		80D066EB27B07C830007BCF8 /* IOUSBConfigurationDescriptorPtr+Descriptor.swift */ = {isa = PBXFileReference; fileEncoding = 4; lastKnownFileType = sourcecode.swift; path = "IOUSBConfigurationDescriptorPtr+Descriptor.swift"; sourceTree = "<group>"; };
		80D066ED27B07C830007BCF8 /* UnsafeMutablePointer+GetInterface.swift */ = {isa = PBXFileReference; fileEncoding = 4; lastKnownFileType = sourcecode.swift; path = "UnsafeMutablePointer+GetInterface.swift"; sourceTree = "<group>"; };
		80D066EF27B07C830007BCF8 /* UVCRequestCode.swift */ = {isa = PBXFileReference; fileEncoding = 4; lastKnownFileType = sourcecode.swift; path = UVCRequestCode.swift; sourceTree = "<group>"; };
		80D066F027B07C830007BCF8 /* UVCCameraTerminalSelector.swift */ = {isa = PBXFileReference; fileEncoding = 4; lastKnownFileType = sourcecode.swift; path = UVCCameraTerminalSelector.swift; sourceTree = "<group>"; };
		80D066F227B07C830007BCF8 /* UVCProcessingUnitSelector.swift */ = {isa = PBXFileReference; fileEncoding = 4; lastKnownFileType = sourcecode.swift; path = UVCProcessingUnitSelector.swift; sourceTree = "<group>"; };
		80D0679827B082A60007BCF8 /* UVCKit.framework */ = {isa = PBXFileReference; explicitFileType = wrapper.framework; includeInIndex = 0; path = UVCKit.framework; sourceTree = BUILT_PRODUCTS_DIR; };
		80D0679A27B082A60007BCF8 /* UVCKit.h */ = {isa = PBXFileReference; lastKnownFileType = sourcecode.c.h; path = UVCKit.h; sourceTree = "<group>"; };
		80D067C727B0A8B30007BCF8 /* UVCDeviceInformation.swift */ = {isa = PBXFileReference; lastKnownFileType = sourcecode.swift; path = UVCDeviceInformation.swift; sourceTree = "<group>"; };
		80D9369127D31A4C00232BAD /* ToggleableRow.swift */ = {isa = PBXFileReference; lastKnownFileType = sourcecode.swift; path = ToggleableRow.swift; sourceTree = "<group>"; };
		80D9369327D3D05C00232BAD /* View+OnBackgroundHover.swift */ = {isa = PBXFileReference; lastKnownFileType = sourcecode.swift; path = "View+OnBackgroundHover.swift"; sourceTree = "<group>"; };
		80D9369727D3DB6200232BAD /* CameraPicker.swift */ = {isa = PBXFileReference; lastKnownFileType = sourcecode.swift; path = CameraPicker.swift; sourceTree = "<group>"; };
		80D9369927D3F5F400232BAD /* CameraList.swift */ = {isa = PBXFileReference; lastKnownFileType = sourcecode.swift; path = CameraList.swift; sourceTree = "<group>"; };
		80D9369B27D402A700232BAD /* MenuItemButtonStyle.swift */ = {isa = PBXFileReference; lastKnownFileType = sourcecode.swift; path = MenuItemButtonStyle.swift; sourceTree = "<group>"; };
		80D9369D27D4051900232BAD /* ToggleableRowIcon.swift */ = {isa = PBXFileReference; lastKnownFileType = sourcecode.swift; path = ToggleableRowIcon.swift; sourceTree = "<group>"; };
		80D936A027D40AD900232BAD /* SectionHeaderTextStyle.swift */ = {isa = PBXFileReference; lastKnownFileType = sourcecode.swift; path = SectionHeaderTextStyle.swift; sourceTree = "<group>"; };
		80D936A427D4468000232BAD /* UnsupportedWebcamEmptyState.swift */ = {isa = PBXFileReference; lastKnownFileType = sourcecode.swift; path = UnsupportedWebcamEmptyState.swift; sourceTree = "<group>"; };
		80DC4DFD27D19B69009DBCC3 /* NoWebcamEmptyState.swift */ = {isa = PBXFileReference; lastKnownFileType = sourcecode.swift; path = NoWebcamEmptyState.swift; sourceTree = "<group>"; };
/* End PBXFileReference section */

/* Begin PBXFrameworksBuildPhase section */
		8078967C27AC8D3300179CA2 /* Frameworks */ = {
			isa = PBXFrameworksBuildPhase;
			buildActionMask = 2147483647;
			files = (
				80D0679E27B082A60007BCF8 /* UVCKit.framework in Frameworks */,
				80C21FD027CB2BF300071134 /* Sparkle in Frameworks */,
			);
			runOnlyForDeploymentPostprocessing = 0;
		};
		80D0679527B082A60007BCF8 /* Frameworks */ = {
			isa = PBXFrameworksBuildPhase;
			buildActionMask = 2147483647;
			files = (
			);
			runOnlyForDeploymentPostprocessing = 0;
		};
/* End PBXFrameworksBuildPhase section */

/* Begin PBXGroup section */
		8010493627DD8EA000688A86 /* Status Bar */ = {
			isa = PBXGroup;
			children = (
				8010495327DE671400688A86 /* Protocols */,
				8010494F27DE66CD00688A86 /* Views */,
				8010494B27DE639100688A86 /* AdvancedStatusBarMenu.swift */,
				8010494727DE62F400688A86 /* MainStatusBarMenu.swift */,
				8010494327DE5E3600688A86 /* StatusBarApplication.swift */,
			);
			path = "Status Bar";
			sourceTree = "<group>";
		};
		8010494F27DE66CD00688A86 /* Views */ = {
			isa = PBXGroup;
			children = (
				8010495027DE66D400688A86 /* KeyHostingView.swift */,
			);
			path = Views;
			sourceTree = "<group>";
		};
		8010495327DE671400688A86 /* Protocols */ = {
			isa = PBXGroup;
			children = (
				8010494927DE630E00688A86 /* StatusBarMenu.swift */,
				8010495427DE680D00688A86 /* MainStatusBarMenuDelegate.swift */,
				8010494D27DE63FE00688A86 /* AdvancedStatusBarMenuDelegate.swift */,
				8010494527DE5E4900688A86 /* StatusBarApplicationDelegate.swift */,
			);
			path = Protocols;
			sourceTree = "<group>";
		};
		8010495827DE877C00688A86 /* Menu */ = {
			isa = PBXGroup;
			children = (
				8010495A27DE893D00688A86 /* MenuSlider */,
				8010495927DE891C00688A86 /* Modifiers */,
				806221A027DC28EA007125C0 /* CollapsibleSection.swift */,
				80C4482827AF32650059150C /* Panel.swift */,
				8044387B27CAE30B00715373 /* PanelLabel.swift */,
				8044385B27C83E8600715373 /* PlainToggle.swift */,
				80D9369127D31A4C00232BAD /* ToggleableRow.swift */,
				80D9369D27D4051900232BAD /* ToggleableRowIcon.swift */,
			);
			path = Menu;
			sourceTree = "<group>";
		};
		8010495927DE891C00688A86 /* Modifiers */ = {
			isa = PBXGroup;
			children = (
				80D936A027D40AD900232BAD /* SectionHeaderTextStyle.swift */,
				80D9369B27D402A700232BAD /* MenuItemButtonStyle.swift */,
			);
			path = Modifiers;
			sourceTree = "<group>";
		};
		8010495A27DE893D00688A86 /* MenuSlider */ = {
			isa = PBXGroup;
			children = (
				8097A4DD27AF78750003BB23 /* MenuSlider.swift */,
				80CF9BE627BB27B4001C0E0A /* MenuSliderControls.swift */,
				8010499E27DED1A000688A86 /* TrackStyle.swift */,
			);
			path = MenuSlider;
			sourceTree = "<group>";
		};
		8010495B27DE8A0E00688A86 /* Empty States */ = {
			isa = PBXGroup;
			children = (
				80DC4DFD27D19B69009DBCC3 /* NoWebcamEmptyState.swift */,
				80D936A427D4468000232BAD /* UnsupportedWebcamEmptyState.swift */,
			);
			path = "Empty States";
			sourceTree = "<group>";
		};
		8010495C27DE8A3400688A86 /* Application */ = {
			isa = PBXGroup;
			children = (
				8010495D27DE8A6F00688A86 /* Constants */,
				8010493627DD8EA000688A86 /* Status Bar */,
				8078968427AC8D3300179CA2 /* ContentView.swift */,
			);
			path = Application;
			sourceTree = "<group>";
		};
		8010495D27DE8A6F00688A86 /* Constants */ = {
			isa = PBXGroup;
			children = (
				806221A327DC3611007125C0 /* Dimension.swift */,
				80CF9BE427BB1EDA001C0E0A /* Notifications.swift */,
			);
			path = Constants;
			sourceTree = "<group>";
		};
		8010498727DE912600688A86 /* Resources */ = {
			isa = PBXGroup;
			children = (
				8010498C27DE917E00688A86 /* Localizable.strings */,
				8010499227DE926700688A86 /* InfoPlist.strings */,
			);
			path = Resources;
			sourceTree = "<group>";
		};
		801FC6C028066AED0005B930 /* PreviewPanel */ = {
			isa = PBXGroup;
			children = (
				80C4482327AF2A6C0059150C /* PreviewPanel.swift */,
				801FC6C128066AFB0005B930 /* PreviewPanelViewModel.swift */,
			);
			path = PreviewPanel;
			sourceTree = "<group>";
		};
		8044385227C6EA3500715373 /* Protocols */ = {
			isa = PBXGroup;
			children = (
				8044385327C6EA4600715373 /* UVCControllable.swift */,
				8044385527C6EA6F00715373 /* UVCRangeControllable.swift */,
			);
			path = Protocols;
			sourceTree = "<group>";
		};
		806867AE27B1E6310000C64D /* Controls */ = {
			isa = PBXGroup;
			children = (
				8078839227B4936E003BBA1A /* Values */,
				80D066DF27B07C830007BCF8 /* UVCControl.swift */,
				80D066E027B07C830007BCF8 /* UVCBitmapControl.swift */,
				80D066DE27B07C830007BCF8 /* UVCBoolControl.swift */,
				80D066E227B07C830007BCF8 /* UVCIntControl.swift */,
			);
			path = Controls;
			sourceTree = "<group>";
		};
		806867AF27B1E7450000C64D /* Headers */ = {
			isa = PBXGroup;
			children = (
				80D066E527B07C830007BCF8 /* USBHeaders.h */,
			);
			path = Headers;
			sourceTree = "<group>";
		};
		806867B527B1EE690000C64D /* Class Codes */ = {
			isa = PBXGroup;
			children = (
				80D066F027B07C830007BCF8 /* UVCCameraTerminalSelector.swift */,
				806867B627B1EF880000C64D /* UVCDescriptorSubtype.swift */,
				80D066F227B07C830007BCF8 /* UVCProcessingUnitSelector.swift */,
				80D066EF27B07C830007BCF8 /* UVCRequestCode.swift */,
				806867BC27B1F0D90000C64D /* UVCVideoClassDescriptorType.swift */,
				806867B827B1F03A0000C64D /* UVCVideoInterfaceClassCode.swift */,
				806867BA27B1F0670000C64D /* UVCVideoInterfaceSubclassCode.swift */,
			);
			path = "Class Codes";
			sourceTree = "<group>";
		};
		8078839227B4936E003BBA1A /* Values */ = {
			isa = PBXGroup;
			children = (
				8078839327B4937E003BBA1A /* UVCAutoExposureMode.swift */,
				8078839527B4950C003BBA1A /* UVCBitmapValue.swift */,
			);
			path = Values;
			sourceTree = "<group>";
		};
		8078967627AC8D3300179CA2 = {
			isa = PBXGroup;
			children = (
				8078968127AC8D3300179CA2 /* Viewfinder */,
				80D0679927B082A60007BCF8 /* UVCKit */,
				8078968027AC8D3300179CA2 /* Products */,
			);
			sourceTree = "<group>";
		};
		8078968027AC8D3300179CA2 /* Products */ = {
			isa = PBXGroup;
			children = (
				8078967F27AC8D3300179CA2 /* Viewfinder.app */,
				80D0679827B082A60007BCF8 /* UVCKit.framework */,
			);
			name = Products;
			sourceTree = "<group>";
		};
		8078968127AC8D3300179CA2 /* Viewfinder */ = {
			isa = PBXGroup;
			children = (
				8010495C27DE8A3400688A86 /* Application */,
				80C4482A27AF5A660059150C /* Extensions */,
				809127AC27B5E5D500C38C0A /* Models */,
				8010498727DE912600688A86 /* Resources */,
				80B67A2627B057C3008E7EE2 /* Utilities */,
				80C4481C27AF28990059150C /* Views */,
				80C4481A27AF1A9D0059150C /* AppDelegate.swift */,
				8078968227AC8D3300179CA2 /* ViewfinderApp.swift */,
				80C4481927AF1A5C0059150C /* Info.plist */,
				8078968627AC8D3400179CA2 /* Assets.xcassets */,
				8078968B27AC8D3400179CA2 /* Viewfinder.entitlements */,
			);
			path = Viewfinder;
			sourceTree = "<group>";
		};
		809127AC27B5E5D500C38C0A /* Models */ = {
			isa = PBXGroup;
			children = (
				809127AA27B5E37200C38C0A /* Device.swift */,
				80CF9BEA27BF29BB001C0E0A /* DeviceControl.swift */,
				8044385727C6EEC200715373 /* DeviceControls.swift */,
				808706F927D99F20006213BA /* PreviewState.swift */,
			);
			path = Models;
			sourceTree = "<group>";
		};
		80B67A2627B057C3008E7EE2 /* Utilities */ = {
			isa = PBXGroup;
			children = (
				8044385027C5998400715373 /* CameraControl.swift */,
				8044386D27C87F5D00715373 /* DataRefreshNotifier.swift */,
				809127A827B5DE8C00C38C0A /* DeviceManager.swift */,
				8019D4542920796500FEBAE1 /* LaunchAtLoginController.swift */,
			);
			path = Utilities;
			sourceTree = "<group>";
		};
		80C4481C27AF28990059150C /* Views */ = {
			isa = PBXGroup;
			children = (
				8010495B27DE8A0E00688A86 /* Empty States */,
				8010495827DE877C00688A86 /* Menu */,
				80C4482227AF2A640059150C /* Panels */,
				80C4481D27AF28A30059150C /* Preview */,
				8044385927C83E5700715373 /* AutoBadge.swift */,
				80D9369927D3F5F400232BAD /* CameraList.swift */,
				80D9369727D3DB6200232BAD /* CameraPicker.swift */,
				8044387D27CAE57E00715373 /* ControlLayout.swift */,
				801FC6C328066B1C0005B930 /* FlipButton.swift */,
				8044385D27C8586800715373 /* SliderPanelLayout.swift */,
			);
			path = Views;
			sourceTree = "<group>";
		};
		80C4481D27AF28A30059150C /* Preview */ = {
			isa = PBXGroup;
			children = (
				808706FB27D99F38006213BA /* PreviewStateEmptyState.swift */,
				80C4481E27AF28B40059150C /* PreviewView.swift */,
				80C4482027AF298B0059150C /* PreviewContainer.swift */,
			);
			path = Preview;
			sourceTree = "<group>";
		};
		80C4482227AF2A640059150C /* Panels */ = {
			isa = PBXGroup;
			children = (
				801FC6C028066AED0005B930 /* PreviewPanel */,
				8044387527CABAC300715373 /* ExposurePanel.swift */,
				80CF9BE827BDCC9E001C0E0A /* WhiteBalancePanel.swift */,
				8044385F27C8670600715373 /* BrightnessPanel.swift */,
				8044386527C8745300715373 /* ContrastPanel.swift */,
				8044386727C876D300715373 /* SaturationPanel.swift */,
				8044386927C8776600715373 /* SharpnessPanel.swift */,
				8044387F27CB051800715373 /* HDRPanel.swift */,
				8044386B27C87BF500715373 /* FocusPanel.swift */,
				8044387927CAC92C00715373 /* ZoomPanel.swift */,
			);
			path = Panels;
			sourceTree = "<group>";
		};
		80C4482A27AF5A660059150C /* Extensions */ = {
			isa = PBXGroup;
			children = (
				8044387327CA98B200715373 /* Double+PercentageToAbsolute.swift */,
				8044386327C8742A00715373 /* Double+Round.swift */,
				8044386127C8740A00715373 /* Int+Percentage.swift */,
				80C4482B27AF5A6E0059150C /* View+ReverseMask.swift */,
				80D9369327D3D05C00232BAD /* View+OnBackgroundHover.swift */,
			);
			path = Extensions;
			sourceTree = "<group>";
		};
		80D0679927B082A60007BCF8 /* UVCKit */ = {
			isa = PBXGroup;
			children = (
				806867AF27B1E7450000C64D /* Headers */,
				80D067C427B0A8430007BCF8 /* Source */,
				80D0679A27B082A60007BCF8 /* UVCKit.h */,
			);
			path = UVCKit;
			sourceTree = "<group>";
		};
		80D067C427B0A8430007BCF8 /* Source */ = {
			isa = PBXGroup;
			children = (
				806867B527B1EE690000C64D /* Class Codes */,
				806867AE27B1E6310000C64D /* Controls */,
				80D067C927B0AB760007BCF8 /* Extensions */,
				8044385227C6EA3500715373 /* Protocols */,
				802D194327B35FAF001A5B25 /* Constants.swift */,
				802D193F27B35425001A5B25 /* USBInterface.swift */,
				8044388327CB117500715373 /* UVCCameraTerminal.swift */,
				80D066E327B07C830007BCF8 /* UVCDevice.swift */,
				80D066DC27B07C830007BCF8 /* UVCDeviceControls.swift */,
				80D067C727B0A8B30007BCF8 /* UVCDeviceInformation.swift */,
				8044388527CB119200715373 /* UVCProcessingUnit.swift */,
				802D193D27B34936001A5B25 /* UVCRequest.swift */,
				806867B327B1EDB20000C64D /* UVCSelector.swift */,
				80D066E427B07C830007BCF8 /* UVCVideoControlInterfaceDescriptors.swift */,
			);
			path = Source;
			sourceTree = "<group>";
		};
		80D067C927B0AB760007BCF8 /* Extensions */ = {
			isa = PBXGroup;
			children = (
				80D066EA27B07C830007BCF8 /* io_service_t+IoCreatePublicInterface.swift */,
				80D066EB27B07C830007BCF8 /* IOUSBConfigurationDescriptorPtr+Descriptor.swift */,
				802D194527B3651E001A5B25 /* SignedInteger+Bytes.swift */,
				802D194727B3656B001A5B25 /* SignedInteger+ByteArray.swift */,
				80D066ED27B07C830007BCF8 /* UnsafeMutablePointer+GetInterface.swift */,
				806867BE27B1F6160000C64D /* UnsafeMutablePointer+Iterate.swift */,
				8044388127CB116100715373 /* BinaryInteger+Bit.swift */,
			);
			path = Extensions;
			sourceTree = "<group>";
		};
/* End PBXGroup section */

/* Begin PBXHeadersBuildPhase section */
		80D0679327B082A60007BCF8 /* Headers */ = {
			isa = PBXHeadersBuildPhase;
			buildActionMask = 2147483647;
			files = (
				80D067AD27B082D80007BCF8 /* USBHeaders.h in Headers */,
				80D0679B27B082A60007BCF8 /* UVCKit.h in Headers */,
			);
			runOnlyForDeploymentPostprocessing = 0;
		};
/* End PBXHeadersBuildPhase section */

/* Begin PBXNativeTarget section */
		8078967E27AC8D3300179CA2 /* Viewfinder */ = {
			isa = PBXNativeTarget;
			buildConfigurationList = 8078968E27AC8D3400179CA2 /* Build configuration list for PBXNativeTarget "Viewfinder" */;
			buildPhases = (
				8078967B27AC8D3300179CA2 /* Sources */,
				8078967C27AC8D3300179CA2 /* Frameworks */,
				8078967D27AC8D3300179CA2 /* Resources */,
				80D0673327B07E100007BCF8 /* Embed Frameworks */,
			);
			buildRules = (
			);
			dependencies = (
				80D0679D27B082A60007BCF8 /* PBXTargetDependency */,
			);
			name = Viewfinder;
			packageProductDependencies = (
				80C21FCF27CB2BF300071134 /* Sparkle */,
			);
			productName = Viewfinder;
			productReference = 8078967F27AC8D3300179CA2 /* Viewfinder.app */;
			productType = "com.apple.product-type.application";
		};
		80D0679727B082A60007BCF8 /* UVCKit */ = {
			isa = PBXNativeTarget;
			buildConfigurationList = 80D067A027B082A60007BCF8 /* Build configuration list for PBXNativeTarget "UVCKit" */;
			buildPhases = (
				80D0679327B082A60007BCF8 /* Headers */,
				80D0679427B082A60007BCF8 /* Sources */,
				80D0679527B082A60007BCF8 /* Frameworks */,
				80D0679627B082A60007BCF8 /* Resources */,
			);
			buildRules = (
			);
			dependencies = (
			);
			name = UVCKit;
			productName = UVCKit;
			productReference = 80D0679827B082A60007BCF8 /* UVCKit.framework */;
			productType = "com.apple.product-type.framework";
		};
/* End PBXNativeTarget section */

/* Begin PBXProject section */
		8078967727AC8D3300179CA2 /* Project object */ = {
			isa = PBXProject;
			attributes = {
				BuildIndependentTargetsInParallel = 1;
				LastSwiftUpdateCheck = 1320;
				LastUpgradeCheck = 1410;
				TargetAttributes = {
					8078967E27AC8D3300179CA2 = {
						CreatedOnToolsVersion = 13.2.1;
					};
					80D0679727B082A60007BCF8 = {
						CreatedOnToolsVersion = 13.2.1;
					};
				};
			};
			buildConfigurationList = 8078967A27AC8D3300179CA2 /* Build configuration list for PBXProject "Viewfinder" */;
			compatibilityVersion = "Xcode 13.0";
			developmentRegion = en;
			hasScannedForEncodings = 0;
			knownRegions = (
				en,
				pl,
				Base,
			);
			mainGroup = 8078967627AC8D3300179CA2;
			packageReferences = (
				80C21FCE27CB2BF300071134 /* XCRemoteSwiftPackageReference "Sparkle" */,
			);
			productRefGroup = 8078968027AC8D3300179CA2 /* Products */;
			projectDirPath = "";
			projectRoot = "";
			targets = (
				8078967E27AC8D3300179CA2 /* Viewfinder */,
				80D0679727B082A60007BCF8 /* UVCKit */,
			);
		};
/* End PBXProject section */

/* Begin PBXResourcesBuildPhase section */
		8078967D27AC8D3300179CA2 /* Resources */ = {
			isa = PBXResourcesBuildPhase;
			buildActionMask = 2147483647;
			files = (
				8078968727AC8D3400179CA2 /* Assets.xcassets in Resources */,
				8010499027DE926600688A86 /* InfoPlist.strings in Resources */,
				8010498A27DE917E00688A86 /* Localizable.strings in Resources */,
			);
			runOnlyForDeploymentPostprocessing = 0;
		};
		80D0679627B082A60007BCF8 /* Resources */ = {
			isa = PBXResourcesBuildPhase;
			buildActionMask = 2147483647;
			files = (
			);
			runOnlyForDeploymentPostprocessing = 0;
		};
/* End PBXResourcesBuildPhase section */

/* Begin PBXSourcesBuildPhase section */
		8078967B27AC8D3300179CA2 /* Sources */ = {
			isa = PBXSourcesBuildPhase;
			buildActionMask = 2147483647;
			files = (
				80C4481B27AF1A9E0059150C /* AppDelegate.swift in Sources */,
				8044387627CABAC300715373 /* ExposurePanel.swift in Sources */,
				8044386E27C87F5D00715373 /* DataRefreshNotifier.swift in Sources */,
				80CF9BE927BDCC9E001C0E0A /* WhiteBalancePanel.swift in Sources */,
				801FC6C228066AFB0005B930 /* PreviewPanelViewModel.swift in Sources */,
				80D9369E27D4051900232BAD /* ToggleableRowIcon.swift in Sources */,
				8044386A27C8776600715373 /* SharpnessPanel.swift in Sources */,
				8044386427C8742A00715373 /* Double+Round.swift in Sources */,
				8044385A27C83E5700715373 /* AutoBadge.swift in Sources */,
				8044386627C8745300715373 /* ContrastPanel.swift in Sources */,
				8010495127DE66D400688A86 /* KeyHostingView.swift in Sources */,
				8044386C27C87BF500715373 /* FocusPanel.swift in Sources */,
				806221A127DC28EA007125C0 /* CollapsibleSection.swift in Sources */,
				8044387A27CAC92D00715373 /* ZoomPanel.swift in Sources */,
				8044385E27C8586800715373 /* SliderPanelLayout.swift in Sources */,
				80C4482427AF2A6C0059150C /* PreviewPanel.swift in Sources */,
				8044385C27C83E8600715373 /* PlainToggle.swift in Sources */,
				80CF9BE727BB27B4001C0E0A /* MenuSliderControls.swift in Sources */,
				8010499F27DED1A000688A86 /* TrackStyle.swift in Sources */,
				80D9369227D31A4C00232BAD /* ToggleableRow.swift in Sources */,
				8044386827C876D300715373 /* SaturationPanel.swift in Sources */,
				80D9369A27D3F5F400232BAD /* CameraList.swift in Sources */,
				80DC4DFE27D19B69009DBCC3 /* NoWebcamEmptyState.swift in Sources */,
				806221A427DC3611007125C0 /* Dimension.swift in Sources */,
				801FC6C428066B1C0005B930 /* FlipButton.swift in Sources */,
				8010494827DE62F400688A86 /* MainStatusBarMenu.swift in Sources */,
				80C4481F27AF28B40059150C /* PreviewView.swift in Sources */,
				8010495527DE680D00688A86 /* MainStatusBarMenuDelegate.swift in Sources */,
				8010494C27DE639100688A86 /* AdvancedStatusBarMenu.swift in Sources */,
				809127AB27B5E37200C38C0A /* Device.swift in Sources */,
				8010494427DE5E3600688A86 /* StatusBarApplication.swift in Sources */,
				8044386227C8740A00715373 /* Int+Percentage.swift in Sources */,
				8044385127C5998400715373 /* CameraControl.swift in Sources */,
				8044388027CB051800715373 /* HDRPanel.swift in Sources */,
				80CF9BE527BB1EDA001C0E0A /* Notifications.swift in Sources */,
				8044387E27CAE57E00715373 /* ControlLayout.swift in Sources */,
				80D9369C27D402A700232BAD /* MenuItemButtonStyle.swift in Sources */,
				8044387427CA98B200715373 /* Double+PercentageToAbsolute.swift in Sources */,
				8010494627DE5E4900688A86 /* StatusBarApplicationDelegate.swift in Sources */,
				8044385827C6EEC200715373 /* DeviceControls.swift in Sources */,
				809127A927B5DE8C00C38C0A /* DeviceManager.swift in Sources */,
				8078968527AC8D3300179CA2 /* ContentView.swift in Sources */,
				8044386027C8670600715373 /* BrightnessPanel.swift in Sources */,
				8078968327AC8D3300179CA2 /* ViewfinderApp.swift in Sources */,
				8010494A27DE630E00688A86 /* StatusBarMenu.swift in Sources */,
				808706FA27D99F20006213BA /* PreviewState.swift in Sources */,
				80D936A127D40AD900232BAD /* SectionHeaderTextStyle.swift in Sources */,
				80C4482927AF32650059150C /* Panel.swift in Sources */,
				80C4482127AF298B0059150C /* PreviewContainer.swift in Sources */,
				80C4482C27AF5A6E0059150C /* View+ReverseMask.swift in Sources */,
				808706FC27D99F38006213BA /* PreviewStateEmptyState.swift in Sources */,
				80D9369827D3DB6200232BAD /* CameraPicker.swift in Sources */,
				8019D4552920796500FEBAE1 /* LaunchAtLoginController.swift in Sources */,
				8044387C27CAE30B00715373 /* PanelLabel.swift in Sources */,
				80D936A527D4468000232BAD /* UnsupportedWebcamEmptyState.swift in Sources */,
				8097A4DE27AF78750003BB23 /* MenuSlider.swift in Sources */,
				8010494E27DE63FE00688A86 /* AdvancedStatusBarMenuDelegate.swift in Sources */,
				80CF9BEB27BF29BB001C0E0A /* DeviceControl.swift in Sources */,
				80D9369427D3D05C00232BAD /* View+OnBackgroundHover.swift in Sources */,
			);
			runOnlyForDeploymentPostprocessing = 0;
		};
		80D0679427B082A60007BCF8 /* Sources */ = {
			isa = PBXSourcesBuildPhase;
			buildActionMask = 2147483647;
			files = (
				802D194427B35FAF001A5B25 /* Constants.swift in Sources */,
				80D067A827B082D80007BCF8 /* IOUSBConfigurationDescriptorPtr+Descriptor.swift in Sources */,
				80D067BE27B082D80007BCF8 /* UVCControl.swift in Sources */,
				8078839627B4950C003BBA1A /* UVCBitmapValue.swift in Sources */,
				806867B427B1EDB20000C64D /* UVCSelector.swift in Sources */,
				8044385627C6EA6F00715373 /* UVCRangeControllable.swift in Sources */,
				80D067B027B082D80007BCF8 /* UVCIntControl.swift in Sources */,
				80D067A427B082D80007BCF8 /* UVCDevice.swift in Sources */,
				80D067B327B082D80007BCF8 /* UVCCameraTerminalSelector.swift in Sources */,
				80D067A727B082D80007BCF8 /* UnsafeMutablePointer+GetInterface.swift in Sources */,
				80D067C827B0A8B30007BCF8 /* UVCDeviceInformation.swift in Sources */,
				8044388427CB117500715373 /* UVCCameraTerminal.swift in Sources */,
				802D194027B35425001A5B25 /* USBInterface.swift in Sources */,
				806867B927B1F03A0000C64D /* UVCVideoInterfaceClassCode.swift in Sources */,
				80D067AF27B082D80007BCF8 /* UVCBoolControl.swift in Sources */,
				80D067A327B082D80007BCF8 /* UVCDeviceControls.swift in Sources */,
				806867B727B1EF880000C64D /* UVCDescriptorSubtype.swift in Sources */,
				8044385427C6EA4600715373 /* UVCControllable.swift in Sources */,
				802D194627B3651E001A5B25 /* SignedInteger+Bytes.swift in Sources */,
				80D067B627B082D80007BCF8 /* UVCProcessingUnitSelector.swift in Sources */,
				80D067BA27B082D80007BCF8 /* UVCVideoControlInterfaceDescriptors.swift in Sources */,
				80D067C327B082D80007BCF8 /* UVCRequestCode.swift in Sources */,
				80D067B127B082D80007BCF8 /* UVCBitmapControl.swift in Sources */,
				806867BF27B1F6160000C64D /* UnsafeMutablePointer+Iterate.swift in Sources */,
				806867BD27B1F0D90000C64D /* UVCVideoClassDescriptorType.swift in Sources */,
				806867BB27B1F0670000C64D /* UVCVideoInterfaceSubclassCode.swift in Sources */,
				8078839427B4937E003BBA1A /* UVCAutoExposureMode.swift in Sources */,
				802D193E27B34936001A5B25 /* UVCRequest.swift in Sources */,
				8044388227CB116100715373 /* BinaryInteger+Bit.swift in Sources */,
				8044388627CB119200715373 /* UVCProcessingUnit.swift in Sources */,
				80D067A527B082D80007BCF8 /* io_service_t+IoCreatePublicInterface.swift in Sources */,
				802D194827B3656B001A5B25 /* SignedInteger+ByteArray.swift in Sources */,
			);
			runOnlyForDeploymentPostprocessing = 0;
		};
/* End PBXSourcesBuildPhase section */

/* Begin PBXTargetDependency section */
		80D0679D27B082A60007BCF8 /* PBXTargetDependency */ = {
			isa = PBXTargetDependency;
			target = 80D0679727B082A60007BCF8 /* UVCKit */;
			targetProxy = 80D0679C27B082A60007BCF8 /* PBXContainerItemProxy */;
		};
/* End PBXTargetDependency section */

/* Begin PBXVariantGroup section */
		8010498C27DE917E00688A86 /* Localizable.strings */ = {
			isa = PBXVariantGroup;
			children = (
				8010498B27DE917E00688A86 /* en */,
				8010499627DE9BB900688A86 /* pl */,
			);
			name = Localizable.strings;
			sourceTree = "<group>";
		};
		8010499227DE926700688A86 /* InfoPlist.strings */ = {
			isa = PBXVariantGroup;
			children = (
				8010499127DE926700688A86 /* en */,
				8010499727DE9BB900688A86 /* pl */,
			);
			name = InfoPlist.strings;
			sourceTree = "<group>";
		};
/* End PBXVariantGroup section */

/* Begin XCBuildConfiguration section */
		8078968C27AC8D3400179CA2 /* Debug */ = {
			isa = XCBuildConfiguration;
			buildSettings = {
				ALWAYS_SEARCH_USER_PATHS = NO;
				CLANG_ANALYZER_LOCALIZABILITY_NONLOCALIZED = YES;
				CLANG_ANALYZER_NONNULL = YES;
				CLANG_ANALYZER_NUMBER_OBJECT_CONVERSION = YES_AGGRESSIVE;
				CLANG_CXX_LANGUAGE_STANDARD = "gnu++17";
				CLANG_CXX_LIBRARY = "libc++";
				CLANG_ENABLE_MODULES = YES;
				CLANG_ENABLE_OBJC_ARC = YES;
				CLANG_ENABLE_OBJC_WEAK = YES;
				CLANG_WARN_BLOCK_CAPTURE_AUTORELEASING = YES;
				CLANG_WARN_BOOL_CONVERSION = YES;
				CLANG_WARN_COMMA = YES;
				CLANG_WARN_CONSTANT_CONVERSION = YES;
				CLANG_WARN_DEPRECATED_OBJC_IMPLEMENTATIONS = YES;
				CLANG_WARN_DIRECT_OBJC_ISA_USAGE = YES_ERROR;
				CLANG_WARN_DOCUMENTATION_COMMENTS = YES;
				CLANG_WARN_EMPTY_BODY = YES;
				CLANG_WARN_ENUM_CONVERSION = YES;
				CLANG_WARN_INFINITE_RECURSION = YES;
				CLANG_WARN_INT_CONVERSION = YES;
				CLANG_WARN_NON_LITERAL_NULL_CONVERSION = YES;
				CLANG_WARN_OBJC_IMPLICIT_RETAIN_SELF = YES;
				CLANG_WARN_OBJC_LITERAL_CONVERSION = YES;
				CLANG_WARN_OBJC_ROOT_CLASS = YES_ERROR;
				CLANG_WARN_QUOTED_INCLUDE_IN_FRAMEWORK_HEADER = YES;
				CLANG_WARN_RANGE_LOOP_ANALYSIS = YES;
				CLANG_WARN_STRICT_PROTOTYPES = YES;
				CLANG_WARN_SUSPICIOUS_MOVE = YES;
				CLANG_WARN_UNGUARDED_AVAILABILITY = YES_AGGRESSIVE;
				CLANG_WARN_UNREACHABLE_CODE = YES;
				CLANG_WARN__DUPLICATE_METHOD_MATCH = YES;
				COPY_PHASE_STRIP = NO;
				DEAD_CODE_STRIPPING = YES;
				DEBUG_INFORMATION_FORMAT = dwarf;
				ENABLE_STRICT_OBJC_MSGSEND = YES;
				ENABLE_TESTABILITY = YES;
				GCC_C_LANGUAGE_STANDARD = gnu11;
				GCC_DYNAMIC_NO_PIC = NO;
				GCC_NO_COMMON_BLOCKS = YES;
				GCC_OPTIMIZATION_LEVEL = 0;
				GCC_PREPROCESSOR_DEFINITIONS = (
					"DEBUG=1",
					"$(inherited)",
				);
				GCC_WARN_64_TO_32_BIT_CONVERSION = YES;
				GCC_WARN_ABOUT_RETURN_TYPE = YES_ERROR;
				GCC_WARN_UNDECLARED_SELECTOR = YES;
				GCC_WARN_UNINITIALIZED_AUTOS = YES_AGGRESSIVE;
				GCC_WARN_UNUSED_FUNCTION = YES;
				GCC_WARN_UNUSED_VARIABLE = YES;
				MACOSX_DEPLOYMENT_TARGET = 12.0;
				MTL_ENABLE_DEBUG_INFO = INCLUDE_SOURCE;
				MTL_FAST_MATH = YES;
				ONLY_ACTIVE_ARCH = YES;
				SDKROOT = macosx;
				SWIFT_ACTIVE_COMPILATION_CONDITIONS = DEBUG;
				SWIFT_OPTIMIZATION_LEVEL = "-Onone";
			};
			name = Debug;
		};
		8078968D27AC8D3400179CA2 /* Release */ = {
			isa = XCBuildConfiguration;
			buildSettings = {
				ALWAYS_SEARCH_USER_PATHS = NO;
				CLANG_ANALYZER_LOCALIZABILITY_NONLOCALIZED = YES;
				CLANG_ANALYZER_NONNULL = YES;
				CLANG_ANALYZER_NUMBER_OBJECT_CONVERSION = YES_AGGRESSIVE;
				CLANG_CXX_LANGUAGE_STANDARD = "gnu++17";
				CLANG_CXX_LIBRARY = "libc++";
				CLANG_ENABLE_MODULES = YES;
				CLANG_ENABLE_OBJC_ARC = YES;
				CLANG_ENABLE_OBJC_WEAK = YES;
				CLANG_WARN_BLOCK_CAPTURE_AUTORELEASING = YES;
				CLANG_WARN_BOOL_CONVERSION = YES;
				CLANG_WARN_COMMA = YES;
				CLANG_WARN_CONSTANT_CONVERSION = YES;
				CLANG_WARN_DEPRECATED_OBJC_IMPLEMENTATIONS = YES;
				CLANG_WARN_DIRECT_OBJC_ISA_USAGE = YES_ERROR;
				CLANG_WARN_DOCUMENTATION_COMMENTS = YES;
				CLANG_WARN_EMPTY_BODY = YES;
				CLANG_WARN_ENUM_CONVERSION = YES;
				CLANG_WARN_INFINITE_RECURSION = YES;
				CLANG_WARN_INT_CONVERSION = YES;
				CLANG_WARN_NON_LITERAL_NULL_CONVERSION = YES;
				CLANG_WARN_OBJC_IMPLICIT_RETAIN_SELF = YES;
				CLANG_WARN_OBJC_LITERAL_CONVERSION = YES;
				CLANG_WARN_OBJC_ROOT_CLASS = YES_ERROR;
				CLANG_WARN_QUOTED_INCLUDE_IN_FRAMEWORK_HEADER = YES;
				CLANG_WARN_RANGE_LOOP_ANALYSIS = YES;
				CLANG_WARN_STRICT_PROTOTYPES = YES;
				CLANG_WARN_SUSPICIOUS_MOVE = YES;
				CLANG_WARN_UNGUARDED_AVAILABILITY = YES_AGGRESSIVE;
				CLANG_WARN_UNREACHABLE_CODE = YES;
				CLANG_WARN__DUPLICATE_METHOD_MATCH = YES;
				COPY_PHASE_STRIP = NO;
				DEAD_CODE_STRIPPING = YES;
				DEBUG_INFORMATION_FORMAT = "dwarf-with-dsym";
				ENABLE_NS_ASSERTIONS = NO;
				ENABLE_STRICT_OBJC_MSGSEND = YES;
				GCC_C_LANGUAGE_STANDARD = gnu11;
				GCC_NO_COMMON_BLOCKS = YES;
				GCC_WARN_64_TO_32_BIT_CONVERSION = YES;
				GCC_WARN_ABOUT_RETURN_TYPE = YES_ERROR;
				GCC_WARN_UNDECLARED_SELECTOR = YES;
				GCC_WARN_UNINITIALIZED_AUTOS = YES_AGGRESSIVE;
				GCC_WARN_UNUSED_FUNCTION = YES;
				GCC_WARN_UNUSED_VARIABLE = YES;
				MACOSX_DEPLOYMENT_TARGET = 12.0;
				MTL_ENABLE_DEBUG_INFO = NO;
				MTL_FAST_MATH = YES;
				SDKROOT = macosx;
				SWIFT_COMPILATION_MODE = wholemodule;
				SWIFT_OPTIMIZATION_LEVEL = "-O";
			};
			name = Release;
		};
		8078968F27AC8D3400179CA2 /* Debug */ = {
			isa = XCBuildConfiguration;
			buildSettings = {
				ALWAYS_EMBED_SWIFT_STANDARD_LIBRARIES = YES;
				ASSETCATALOG_COMPILER_APPICON_NAME = AppIcon;
				ASSETCATALOG_COMPILER_GLOBAL_ACCENT_COLOR_NAME = AccentColor;
				CODE_SIGN_ENTITLEMENTS = Viewfinder/Viewfinder.entitlements;
				CODE_SIGN_IDENTITY = "Apple Development";
				CODE_SIGN_STYLE = Automatic;
				COMBINE_HIDPI_IMAGES = YES;
				CURRENT_PROJECT_VERSION = 5;
				DEAD_CODE_STRIPPING = YES;
				DEVELOPMENT_ASSET_PATHS = "";
				DEVELOPMENT_TEAM = 8P8574Z65P;
				ENABLE_HARDENED_RUNTIME = YES;
				ENABLE_PREVIEWS = YES;
				GENERATE_INFOPLIST_FILE = YES;
				INFOPLIST_FILE = Viewfinder/Info.plist;
				INFOPLIST_KEY_LSApplicationCategoryType = "public.app-category.utilities";
				INFOPLIST_KEY_NSCameraUsageDescription = "Viewfinder needs access to your camera so that you can control its settings.";
				INFOPLIST_KEY_NSHumanReadableCopyright = "Copyright © 2022 Lukas Romsicki, GNU General Public License.";
				LD_RUNPATH_SEARCH_PATHS = (
					"$(inherited)",
					"@executable_path/../Frameworks",
				);
				MARKETING_VERSION = 0.4.0;
				PRODUCT_BUNDLE_IDENTIFIER = com.romsicki.Viewfinder;
				PRODUCT_NAME = "$(TARGET_NAME)";
				SWIFT_EMIT_LOC_STRINGS = YES;
				SWIFT_VERSION = 5.0;
			};
			name = Debug;
		};
		8078969027AC8D3400179CA2 /* Release */ = {
			isa = XCBuildConfiguration;
			buildSettings = {
				ALWAYS_EMBED_SWIFT_STANDARD_LIBRARIES = YES;
				ASSETCATALOG_COMPILER_APPICON_NAME = AppIcon;
				ASSETCATALOG_COMPILER_GLOBAL_ACCENT_COLOR_NAME = AccentColor;
				CODE_SIGN_ENTITLEMENTS = Viewfinder/Viewfinder.entitlements;
				CODE_SIGN_IDENTITY = "Apple Development";
				CODE_SIGN_STYLE = Automatic;
				COMBINE_HIDPI_IMAGES = YES;
				CURRENT_PROJECT_VERSION = 5;
				DEAD_CODE_STRIPPING = YES;
				DEVELOPMENT_ASSET_PATHS = "";
				DEVELOPMENT_TEAM = 8P8574Z65P;
				ENABLE_HARDENED_RUNTIME = YES;
				ENABLE_PREVIEWS = YES;
				GENERATE_INFOPLIST_FILE = YES;
				INFOPLIST_FILE = Viewfinder/Info.plist;
				INFOPLIST_KEY_LSApplicationCategoryType = "public.app-category.utilities";
				INFOPLIST_KEY_NSCameraUsageDescription = "Viewfinder needs access to your camera so that you can control its settings.";
				INFOPLIST_KEY_NSHumanReadableCopyright = "Copyright © 2022 Lukas Romsicki, GNU General Public License.";
				LD_RUNPATH_SEARCH_PATHS = (
					"$(inherited)",
					"@executable_path/../Frameworks",
				);
				MARKETING_VERSION = 0.4.0;
				PRODUCT_BUNDLE_IDENTIFIER = com.romsicki.Viewfinder;
				PRODUCT_NAME = "$(TARGET_NAME)";
				SWIFT_EMIT_LOC_STRINGS = YES;
				SWIFT_VERSION = 5.0;
			};
			name = Release;
		};
		80D067A127B082A60007BCF8 /* Debug */ = {
			isa = XCBuildConfiguration;
			buildSettings = {
				CODE_SIGN_STYLE = Automatic;
				COMBINE_HIDPI_IMAGES = YES;
				DEAD_CODE_STRIPPING = YES;
				DEFINES_MODULE = YES;
				DEVELOPMENT_TEAM = 8P8574Z65P;
				DYLIB_COMPATIBILITY_VERSION = 1;
				DYLIB_CURRENT_VERSION = 1;
				DYLIB_INSTALL_NAME_BASE = "@rpath";
				GENERATE_INFOPLIST_FILE = YES;
				INFOPLIST_KEY_NSHumanReadableCopyright = "";
				INSTALL_PATH = "$(LOCAL_LIBRARY_DIR)/Frameworks";
				LD_RUNPATH_SEARCH_PATHS = (
					"$(inherited)",
					"@executable_path/../Frameworks",
					"@loader_path/Frameworks",
				);
				PRODUCT_BUNDLE_IDENTIFIER = com.romsicki.UVCKit;
				PRODUCT_NAME = "$(TARGET_NAME:c99extidentifier)";
				SKIP_INSTALL = YES;
				SWIFT_EMIT_LOC_STRINGS = YES;
				SWIFT_VERSION = 5.0;
			};
			name = Debug;
		};
		80D067A227B082A60007BCF8 /* Release */ = {
			isa = XCBuildConfiguration;
			buildSettings = {
				CODE_SIGN_STYLE = Automatic;
				COMBINE_HIDPI_IMAGES = YES;
				DEAD_CODE_STRIPPING = YES;
				DEFINES_MODULE = YES;
				DEVELOPMENT_TEAM = 8P8574Z65P;
				DYLIB_COMPATIBILITY_VERSION = 1;
				DYLIB_CURRENT_VERSION = 1;
				DYLIB_INSTALL_NAME_BASE = "@rpath";
				GENERATE_INFOPLIST_FILE = YES;
				INFOPLIST_KEY_NSHumanReadableCopyright = "";
				INSTALL_PATH = "$(LOCAL_LIBRARY_DIR)/Frameworks";
				LD_RUNPATH_SEARCH_PATHS = (
					"$(inherited)",
					"@executable_path/../Frameworks",
					"@loader_path/Frameworks",
				);
				PRODUCT_BUNDLE_IDENTIFIER = com.romsicki.UVCKit;
				PRODUCT_NAME = "$(TARGET_NAME:c99extidentifier)";
				SKIP_INSTALL = YES;
				SWIFT_EMIT_LOC_STRINGS = YES;
				SWIFT_VERSION = 5.0;
			};
			name = Release;
		};
/* End XCBuildConfiguration section */

/* Begin XCConfigurationList section */
		8078967A27AC8D3300179CA2 /* Build configuration list for PBXProject "Viewfinder" */ = {
			isa = XCConfigurationList;
			buildConfigurations = (
				8078968C27AC8D3400179CA2 /* Debug */,
				8078968D27AC8D3400179CA2 /* Release */,
			);
			defaultConfigurationIsVisible = 0;
			defaultConfigurationName = Release;
		};
		8078968E27AC8D3400179CA2 /* Build configuration list for PBXNativeTarget "Viewfinder" */ = {
			isa = XCConfigurationList;
			buildConfigurations = (
				8078968F27AC8D3400179CA2 /* Debug */,
				8078969027AC8D3400179CA2 /* Release */,
			);
			defaultConfigurationIsVisible = 0;
			defaultConfigurationName = Release;
		};
		80D067A027B082A60007BCF8 /* Build configuration list for PBXNativeTarget "UVCKit" */ = {
			isa = XCConfigurationList;
			buildConfigurations = (
				80D067A127B082A60007BCF8 /* Debug */,
				80D067A227B082A60007BCF8 /* Release */,
			);
			defaultConfigurationIsVisible = 0;
			defaultConfigurationName = Release;
		};
/* End XCConfigurationList section */

/* Begin XCRemoteSwiftPackageReference section */
		80C21FCE27CB2BF300071134 /* XCRemoteSwiftPackageReference "Sparkle" */ = {
			isa = XCRemoteSwiftPackageReference;
			repositoryURL = "https://github.com/sparkle-project/Sparkle";
			requirement = {
				kind = exactVersion;
				version = 2.1.0;
			};
		};
/* End XCRemoteSwiftPackageReference section */

/* Begin XCSwiftPackageProductDependency section */
		80C21FCF27CB2BF300071134 /* Sparkle */ = {
			isa = XCSwiftPackageProductDependency;
			package = 80C21FCE27CB2BF300071134 /* XCRemoteSwiftPackageReference "Sparkle" */;
			productName = Sparkle;
		};
/* End XCSwiftPackageProductDependency section */
	};
	rootObject = 8078967727AC8D3300179CA2 /* Project object */;
}
